// !$*UTF8*$!
{
	archiveVersion = 1;
	classes = {
	};
	objectVersion = 46;
	objects = {

/* Begin PBXBuildFile section */
		5704E4C31AF221F10027C067 /* ListExceptionViewController.m in Sources */ = {isa = PBXBuildFile; fileRef = 5704E4C21AF221F10027C067 /* ListExceptionViewController.m */; };
		5708100D1AEF3D87009A6570 /* ListAlertControllerViewController.m in Sources */ = {isa = PBXBuildFile; fileRef = 5708100C1AEF3D87009A6570 /* ListAlertControllerViewController.m */; };
		570896C41AFB644000300587 /* ListTabBarViewController.m in Sources */ = {isa = PBXBuildFile; fileRef = 570896C31AFB644000300587 /* ListTabBarViewController.m */; };
		570B69471AE9D42200A42DEC /* CustomLabel.m in Sources */ = {isa = PBXBuildFile; fileRef = 570B69461AE9D42200A42DEC /* CustomLabel.m */; };
		570B694A1AE9D4A800A42DEC /* ListLabelViewController.m in Sources */ = {isa = PBXBuildFile; fileRef = 570B69491AE9D4A800A42DEC /* ListLabelViewController.m */; };
		570B694D1AEA0C7200A42DEC /* ListAttributedStringViewController.m in Sources */ = {isa = PBXBuildFile; fileRef = 570B694C1AEA0C7200A42DEC /* ListAttributedStringViewController.m */; };
		7F2185A01B05A3A100F1D652 /* ActivityViewControllerListViewController.m in Sources */ = {isa = PBXBuildFile; fileRef = 7F21859F1B05A3A100F1D652 /* ActivityViewControllerListViewController.m */; };
		7F2185A31B05D7C500F1D652 /* Store.m in Sources */ = {isa = PBXBuildFile; fileRef = 7F2185A21B05D7C500F1D652 /* Store.m */; };
		7F2185A61B05E32E00F1D652 /* TableViewListViewController.m in Sources */ = {isa = PBXBuildFile; fileRef = 7F2185A51B05E32E00F1D652 /* TableViewListViewController.m */; };
		7F2185A91B05EC7100F1D652 /* PickerViewListViewController.m in Sources */ = {isa = PBXBuildFile; fileRef = 7F2185A81B05EC7100F1D652 /* PickerViewListViewController.m */; };
		7F2185AC1B05ED8400F1D652 /* PickerViewController.m in Sources */ = {isa = PBXBuildFile; fileRef = 7F2185AB1B05ED8400F1D652 /* PickerViewController.m */; };
		7F21D0BD1B0C29D200311AC2 /* TableViewControllerListViewController.m in Sources */ = {isa = PBXBuildFile; fileRef = 7F21D0BC1B0C29D200311AC2 /* TableViewControllerListViewController.m */; };
		7F21D0C01B0C552000311AC2 /* ListViewController.m in Sources */ = {isa = PBXBuildFile; fileRef = 7F21D0BF1B0C552000311AC2 /* ListViewController.m */; };
		7F21D0C31B0C571400311AC2 /* NumberFormatterListViewController.m in Sources */ = {isa = PBXBuildFile; fileRef = 7F21D0C21B0C571400311AC2 /* NumberFormatterListViewController.m */; };
		7F24F6401B09D8D20024D249 /* AlertViewController.m in Sources */ = {isa = PBXBuildFile; fileRef = 7F24F63F1B09D8D20024D249 /* AlertViewController.m */; };
		7F24F6421B09D8F40024D249 /* Alert.storyboard in Resources */ = {isa = PBXBuildFile; fileRef = 7F24F6411B09D8F40024D249 /* Alert.storyboard */; };
		7F2BF3A11B0ACD7F00CA83C4 /* SampleAlertView.xib in Resources */ = {isa = PBXBuildFile; fileRef = 7F2BF3A01B0ACD7F00CA83C4 /* SampleAlertView.xib */; };
		7F2BF3A41B0AD10F00CA83C4 /* SampleAlertViewController.m in Sources */ = {isa = PBXBuildFile; fileRef = 7F2BF3A31B0AD10F00CA83C4 /* SampleAlertViewController.m */; };
		7F2BF3A61B0AD34B00CA83C4 /* SampleAlert.storyboard in Resources */ = {isa = PBXBuildFile; fileRef = 7F2BF3A51B0AD34B00CA83C4 /* SampleAlert.storyboard */; };
		7F2BF3A81B0B10AB00CA83C4 /* Alert2.storyboard in Resources */ = {isa = PBXBuildFile; fileRef = 7F2BF3A71B0B10AB00CA83C4 /* Alert2.storyboard */; };
		7F2BF3AB1B0B276800CA83C4 /* SliderListViewController.m in Sources */ = {isa = PBXBuildFile; fileRef = 7F2BF3AA1B0B276800CA83C4 /* SliderListViewController.m */; };
		7F2BF3AE1B0B2A4200CA83C4 /* ProgressViewListViewController.m in Sources */ = {isa = PBXBuildFile; fileRef = 7F2BF3AD1B0B2A4200CA83C4 /* ProgressViewListViewController.m */; };
		7F2BF3B11B0B2A5800CA83C4 /* PageControlListViewController.m in Sources */ = {isa = PBXBuildFile; fileRef = 7F2BF3B01B0B2A5800CA83C4 /* PageControlListViewController.m */; };
		7F2BF3B41B0B2B1100CA83C4 /* StepperListViewController.m in Sources */ = {isa = PBXBuildFile; fileRef = 7F2BF3B31B0B2B1100CA83C4 /* StepperListViewController.m */; };
		7F2ED0611B0D8BF300F795A4 /* AreaSelection.storyboard in Resources */ = {isa = PBXBuildFile; fileRef = 7F2ED0601B0D8BF300F795A4 /* AreaSelection.storyboard */; };
		7F462AEF1BA953F300896434 /* ListAppliedConstrueViewController.m in Sources */ = {isa = PBXBuildFile; fileRef = 7F462AEE1BA953F300896434 /* ListAppliedConstrueViewController.m */; };
		7F462AF01BA953F300896434 /* ListAppliedConstrueViewController.m in Sources */ = {isa = PBXBuildFile; fileRef = 7F462AEE1BA953F300896434 /* ListAppliedConstrueViewController.m */; };
		9A064CAB1BF5E61000E44803 /* ListUIViewControllerObjectViewController.m in Sources */ = {isa = PBXBuildFile; fileRef = 9A064CAA1BF5E61000E44803 /* ListUIViewControllerObjectViewController.m */; };
		9A064CAF1BF5E91400E44803 /* ListUIWindowObjectViewController.m in Sources */ = {isa = PBXBuildFile; fileRef = 9A064CAE1BF5E91400E44803 /* ListUIWindowObjectViewController.m */; };
		9A06C80D1BFB317600882EAA /* ListUIScrollViewObjectViewController.m in Sources */ = {isa = PBXBuildFile; fileRef = 9A06C80C1BFB317600882EAA /* ListUIScrollViewObjectViewController.m */; };
		9A06C8101BFB337F00882EAA /* ListUITableViewObjectViewController.m in Sources */ = {isa = PBXBuildFile; fileRef = 9A06C80F1BFB337F00882EAA /* ListUITableViewObjectViewController.m */; };
		9A06C8141BFB385C00882EAA /* NoScrollTableViewController.m in Sources */ = {isa = PBXBuildFile; fileRef = 9A06C8131BFB385C00882EAA /* NoScrollTableViewController.m */; };
		9A06C8171BFB3BE800882EAA /* CheckMarkTableViewController.m in Sources */ = {isa = PBXBuildFile; fileRef = 9A06C8161BFB3BE800882EAA /* CheckMarkTableViewController.m */; };
		9A4FC02C1C22673700BAD54A /* CustomSecurityNumberKeyboard.storyboard in Resources */ = {isa = PBXBuildFile; fileRef = 9A4FC02B1C22673700BAD54A /* CustomSecurityNumberKeyboard.storyboard */; };
		9A4FC02F1C2272C100BAD54A /* CustomSecurityNumberKeyboardViewController.m in Sources */ = {isa = PBXBuildFile; fileRef = 9A4FC02E1C2272C100BAD54A /* CustomSecurityNumberKeyboardViewController.m */; };
		9A5437651C17E2CB00B9F5E6 /* CustomNumberKeyboard.xib in Resources */ = {isa = PBXBuildFile; fileRef = 9A5437641C17E2CB00B9F5E6 /* CustomNumberKeyboard.xib */; };
		9A5437681C17E4D100B9F5E6 /* CustomNumberKeyboard.m in Sources */ = {isa = PBXBuildFile; fileRef = 9A5437671C17E4D100B9F5E6 /* CustomNumberKeyboard.m */; };
		9A54376C1C17E7E500B9F5E6 /* ListCustomKeyboardsViewController.m in Sources */ = {isa = PBXBuildFile; fileRef = 9A54376B1C17E7E500B9F5E6 /* ListCustomKeyboardsViewController.m */; };
		9A5C9E441C0FFA43002EA33A /* ListUINavigationControllerObjectViewController.m in Sources */ = {isa = PBXBuildFile; fileRef = 9A5C9E431C0FFA43002EA33A /* ListUINavigationControllerObjectViewController.m */; };
		9A5C9E481C100EC4002EA33A /* ListUIViewObjectViewController.m in Sources */ = {isa = PBXBuildFile; fileRef = 9A5C9E471C100EC4002EA33A /* ListUIViewObjectViewController.m */; };
		9A5C9E4C1C10217B002EA33A /* ListNSURLConnectionObjectViewController.m in Sources */ = {isa = PBXBuildFile; fileRef = 9A5C9E4B1C10217B002EA33A /* ListNSURLConnectionObjectViewController.m */; };
		9A60668A1C436E40007A723A /* WordWorfGameViewController.m in Sources */ = {isa = PBXBuildFile; fileRef = 9A6066891C436E40007A723A /* WordWorfGameViewController.m */; };
		9A6A4D841C0D7ACC00C95A08 /* ListXCodeErrorViewController.m in Sources */ = {isa = PBXBuildFile; fileRef = 9A6A4D831C0D7ACC00C95A08 /* ListXCodeErrorViewController.m */; };
		9A6F68191BFC1E4D0090E2D4 /* ColorCheckMarkTableViewController.m in Sources */ = {isa = PBXBuildFile; fileRef = 9A6F68181BFC1E4D0090E2D4 /* ColorCheckMarkTableViewController.m */; };
		9A7580051C1FB2BC003067AB /* ListUIImageObjectViewController.m in Sources */ = {isa = PBXBuildFile; fileRef = 9A7580041C1FB2BC003067AB /* ListUIImageObjectViewController.m */; };
		9A7580091C1FCCF1003067AB /* ListNSStringObjectViewController.m in Sources */ = {isa = PBXBuildFile; fileRef = 9A7580081C1FCCF1003067AB /* ListNSStringObjectViewController.m */; };
		9A7693781C21197400F3FFB0 /* AdScreen.storyboard in Resources */ = {isa = PBXBuildFile; fileRef = 9A7693771C21197400F3FFB0 /* AdScreen.storyboard */; };
		9A76937B1C211A2E00F3FFB0 /* AdScreenViewController.m in Sources */ = {isa = PBXBuildFile; fileRef = 9A76937A1C211A2E00F3FFB0 /* AdScreenViewController.m */; };
		9A76937E1C213C3800F3FFB0 /* UtilsViewController.m in Sources */ = {isa = PBXBuildFile; fileRef = 9A76937D1C213C3800F3FFB0 /* UtilsViewController.m */; };
		9A7693811C21427100F3FFB0 /* ToastViewController.m in Sources */ = {isa = PBXBuildFile; fileRef = 9A7693801C21427100F3FFB0 /* ToastViewController.m */; };
		9A7FBB311C292F7300B4E1C6 /* CustomShopping.storyboard in Resources */ = {isa = PBXBuildFile; fileRef = 9A7FBB301C292F7300B4E1C6 /* CustomShopping.storyboard */; };
		9A7FBB351C2933C500B4E1C6 /* CustomShoppingViewController.m in Sources */ = {isa = PBXBuildFile; fileRef = 9A7FBB341C2933C500B4E1C6 /* CustomShoppingViewController.m */; };
		9A7FBB3D1C2938B400B4E1C6 /* ContentsGiftingViewController.m in Sources */ = {isa = PBXBuildFile; fileRef = 9A7FBB3C1C2938B400B4E1C6 /* ContentsGiftingViewController.m */; };
		9A7FBB401C2938DB00B4E1C6 /* ContentsSettingViewController.m in Sources */ = {isa = PBXBuildFile; fileRef = 9A7FBB3F1C2938DB00B4E1C6 /* ContentsSettingViewController.m */; };
		9A7FBB431C29391100B4E1C6 /* ContentsShoppingViewController.m in Sources */ = {isa = PBXBuildFile; fileRef = 9A7FBB421C29391100B4E1C6 /* ContentsShoppingViewController.m */; };
		9A7FBB461C29394600B4E1C6 /* ContentsTopViewController.m in Sources */ = {isa = PBXBuildFile; fileRef = 9A7FBB451C29394600B4E1C6 /* ContentsTopViewController.m */; };
		9A7FBB491C293D9F00B4E1C6 /* ContentsSettingTableView.m in Sources */ = {isa = PBXBuildFile; fileRef = 9A7FBB481C293D9F00B4E1C6 /* ContentsSettingTableView.m */; };
		9A7FBB4C1C2940EA00B4E1C6 /* ContentsSettingTableViewCell.m in Sources */ = {isa = PBXBuildFile; fileRef = 9A7FBB4B1C2940EA00B4E1C6 /* ContentsSettingTableViewCell.m */; };
		9A825D611C4DC1FC000B94AA /* GameStatusViewController.m in Sources */ = {isa = PBXBuildFile; fileRef = 9A825D601C4DC1FC000B94AA /* GameStatusViewController.m */; };
		9A904BAA1BFACFDD00258ACB /* KeyNames.m in Sources */ = {isa = PBXBuildFile; fileRef = 9A904BA91BFACFDD00258ACB /* KeyNames.m */; };
		9A904BAD1BFAD19D00258ACB /* SettingContentsViewController.m in Sources */ = {isa = PBXBuildFile; fileRef = 9A904BAC1BFAD19D00258ACB /* SettingContentsViewController.m */; };
		9A962D711BF9CF71009AD1A4 /* Settings.plist in Resources */ = {isa = PBXBuildFile; fileRef = 9A962D701BF9CF71009AD1A4 /* Settings.plist */; };
		9A9AE03B1C18235400DA7636 /* ListNSFileManagerObjectViewController.m in Sources */ = {isa = PBXBuildFile; fileRef = 9A9AE03A1C18235400DA7636 /* ListNSFileManagerObjectViewController.m */; };
		9AAF821D1C3B626C00D4EB41 /* DevelopmentManagementTableViewController.m in Sources */ = {isa = PBXBuildFile; fileRef = 9AAF821C1C3B626C00D4EB41 /* DevelopmentManagementTableViewController.m */; };
		9AC984411C2D140D004D28AB /* CustomButtonCell.m in Sources */ = {isa = PBXBuildFile; fileRef = 9AC984401C2D140D004D28AB /* CustomButtonCell.m */; };
		9AC984441C2D1717004D28AB /* CommonCell.m in Sources */ = {isa = PBXBuildFile; fileRef = 9AC984431C2D1717004D28AB /* CommonCell.m */; };
		9ACFE9B21C3A402100E6A12A /* UtilsMath.m in Sources */ = {isa = PBXBuildFile; fileRef = 9ACFE9B11C3A402100E6A12A /* UtilsMath.m */; };
		9ACFE9B61C3A4EFD00E6A12A /* UtilsBlogSearch.m in Sources */ = {isa = PBXBuildFile; fileRef = 9ACFE9B51C3A4EFD00E6A12A /* UtilsBlogSearch.m */; };
		9AD8CE0F1BF34AB1003C2566 /* UtilsFILE.m in Sources */ = {isa = PBXBuildFile; fileRef = 9AD8CE0E1BF34AB1003C2566 /* UtilsFILE.m */; };
		9AFAD5E11BF2DFF800FD0665 /* ListImageViewController.m in Sources */ = {isa = PBXBuildFile; fileRef = 9AFAD5E01BF2DFF800FD0665 /* ListImageViewController.m */; };
		9AFAD5E51BF2E2A100FD0665 /* ListUIImageViewObjectViewController.m in Sources */ = {isa = PBXBuildFile; fileRef = 9AFAD5E41BF2E2A100FD0665 /* ListUIImageViewObjectViewController.m */; };
		9AFAD5E81BF2E36400FD0665 /* BaceListViewController.m in Sources */ = {isa = PBXBuildFile; fileRef = 9AFAD5E71BF2E36400FD0665 /* BaceListViewController.m */; };
		9AFAD5EC1BF3087100FD0665 /* ListUIResponderObjectViewController.m in Sources */ = {isa = PBXBuildFile; fileRef = 9AFAD5EB1BF3087100FD0665 /* ListUIResponderObjectViewController.m */; };
		9AFAD5F01BF3106D00FD0665 /* ListUILocalNotificationObjectViewController.m in Sources */ = {isa = PBXBuildFile; fileRef = 9AFAD5EF1BF3106D00FD0665 /* ListUILocalNotificationObjectViewController.m */; };
		BD0DA5B31AF7134400BDA278 /* UIAlertView+Custom.m in Sources */ = {isa = PBXBuildFile; fileRef = BD0DA5B21AF7134400BDA278 /* UIAlertView+Custom.m */; };
		BD0DA5B91AF7153900BDA278 /* UIView+Custom.m in Sources */ = {isa = PBXBuildFile; fileRef = BD0DA5B81AF7153900BDA278 /* UIView+Custom.m */; };
		BDE2122F1AE69102002A0746 /* Main.storyboard in Resources */ = {isa = PBXBuildFile; fileRef = BDE2122E1AE69102002A0746 /* Main.storyboard */; };
		BDE212321AE69182002A0746 /* ViewController.m in Sources */ = {isa = PBXBuildFile; fileRef = BDE212311AE69182002A0746 /* ViewController.m */; };
		BDE212351AE6B477002A0746 /* CustomAlertController.m in Sources */ = {isa = PBXBuildFile; fileRef = BDE212341AE6B477002A0746 /* CustomAlertController.m */; };
		BDE212381AE6B636002A0746 /* CustomAlert.storyboard in Resources */ = {isa = PBXBuildFile; fileRef = BDE212371AE6B635002A0746 /* CustomAlert.storyboard */; };
		BDE2123B1AE7D14A002A0746 /* 3DViewController.m in Sources */ = {isa = PBXBuildFile; fileRef = BDE2123A1AE7D14A002A0746 /* 3DViewController.m */; };
		BDE212411AE91B8F002A0746 /* ListAlertViewController.m in Sources */ = {isa = PBXBuildFile; fileRef = BDE212401AE91B8F002A0746 /* ListAlertViewController.m */; };
		BDE62D1A1C65DFEC0085810D /* ListMapKitViewController.m in Sources */ = {isa = PBXBuildFile; fileRef = BDE62D191C65DFEC0085810D /* ListMapKitViewController.m */; };
		BDEEC2281AD7EE9F00B522D9 /* main.m in Sources */ = {isa = PBXBuildFile; fileRef = BDEEC2271AD7EE9F00B522D9 /* main.m */; };
		BDEEC22B1AD7EE9F00B522D9 /* AppDelegate.m in Sources */ = {isa = PBXBuildFile; fileRef = BDEEC22A1AD7EE9F00B522D9 /* AppDelegate.m */; };
		BDEEC2331AD7EE9F00B522D9 /* Images.xcassets in Resources */ = {isa = PBXBuildFile; fileRef = BDEEC2321AD7EE9F00B522D9 /* Images.xcassets */; };
		BDEEC2361AD7EE9F00B522D9 /* LaunchScreen.xib in Resources */ = {isa = PBXBuildFile; fileRef = BDEEC2341AD7EE9F00B522D9 /* LaunchScreen.xib */; };
		BDEEC2421AD7EEA000B522D9 /* SandBoxTests.m in Sources */ = {isa = PBXBuildFile; fileRef = BDEEC2411AD7EEA000B522D9 /* SandBoxTests.m */; };
/* End PBXBuildFile section */

/* Begin PBXContainerItemProxy section */
		BDEEC23C1AD7EE9F00B522D9 /* PBXContainerItemProxy */ = {
			isa = PBXContainerItemProxy;
			containerPortal = BDEEC21A1AD7EE9F00B522D9 /* Project object */;
			proxyType = 1;
			remoteGlobalIDString = BDEEC2211AD7EE9F00B522D9;
			remoteInfo = SandBox;
		};
/* End PBXContainerItemProxy section */

/* Begin PBXFileReference section */
		5704E4C11AF221F10027C067 /* ListExceptionViewController.h */ = {isa = PBXFileReference; fileEncoding = 4; lastKnownFileType = sourcecode.c.h; name = ListExceptionViewController.h; path = Controllers/ListExceptionViewController.h; sourceTree = "<group>"; };
		5704E4C21AF221F10027C067 /* ListExceptionViewController.m */ = {isa = PBXFileReference; fileEncoding = 4; lastKnownFileType = sourcecode.c.objc; name = ListExceptionViewController.m; path = Controllers/ListExceptionViewController.m; sourceTree = "<group>"; };
		5708100B1AEF3D87009A6570 /* ListAlertControllerViewController.h */ = {isa = PBXFileReference; fileEncoding = 4; lastKnownFileType = sourcecode.c.h; name = ListAlertControllerViewController.h; path = Controllers/ListAlertControllerViewController.h; sourceTree = "<group>"; };
		5708100C1AEF3D87009A6570 /* ListAlertControllerViewController.m */ = {isa = PBXFileReference; fileEncoding = 4; lastKnownFileType = sourcecode.c.objc; name = ListAlertControllerViewController.m; path = Controllers/ListAlertControllerViewController.m; sourceTree = "<group>"; };
		570896C21AFB644000300587 /* ListTabBarViewController.h */ = {isa = PBXFileReference; fileEncoding = 4; lastKnownFileType = sourcecode.c.h; name = ListTabBarViewController.h; path = Controllers/ListTabBarViewController.h; sourceTree = "<group>"; };
		570896C31AFB644000300587 /* ListTabBarViewController.m */ = {isa = PBXFileReference; fileEncoding = 4; lastKnownFileType = sourcecode.c.objc; name = ListTabBarViewController.m; path = Controllers/ListTabBarViewController.m; sourceTree = "<group>"; };
		570B69451AE9D42200A42DEC /* CustomLabel.h */ = {isa = PBXFileReference; fileEncoding = 4; lastKnownFileType = sourcecode.c.h; name = CustomLabel.h; path = Views/Common/CustomLabel.h; sourceTree = "<group>"; };
		570B69461AE9D42200A42DEC /* CustomLabel.m */ = {isa = PBXFileReference; fileEncoding = 4; lastKnownFileType = sourcecode.c.objc; name = CustomLabel.m; path = Views/Common/CustomLabel.m; sourceTree = "<group>"; };
		570B69481AE9D4A800A42DEC /* ListLabelViewController.h */ = {isa = PBXFileReference; fileEncoding = 4; lastKnownFileType = sourcecode.c.h; name = ListLabelViewController.h; path = Controllers/ListLabelViewController.h; sourceTree = "<group>"; };
		570B69491AE9D4A800A42DEC /* ListLabelViewController.m */ = {isa = PBXFileReference; fileEncoding = 4; lastKnownFileType = sourcecode.c.objc; name = ListLabelViewController.m; path = Controllers/ListLabelViewController.m; sourceTree = "<group>"; };
		570B694B1AEA0C7200A42DEC /* ListAttributedStringViewController.h */ = {isa = PBXFileReference; fileEncoding = 4; lastKnownFileType = sourcecode.c.h; name = ListAttributedStringViewController.h; path = Controllers/ListAttributedStringViewController.h; sourceTree = "<group>"; };
		570B694C1AEA0C7200A42DEC /* ListAttributedStringViewController.m */ = {isa = PBXFileReference; fileEncoding = 4; lastKnownFileType = sourcecode.c.objc; name = ListAttributedStringViewController.m; path = Controllers/ListAttributedStringViewController.m; sourceTree = "<group>"; };
		7F21859E1B05A3A100F1D652 /* ActivityViewControllerListViewController.h */ = {isa = PBXFileReference; fileEncoding = 4; lastKnownFileType = sourcecode.c.h; name = ActivityViewControllerListViewController.h; path = Controllers/ActivityViewControllerListViewController.h; sourceTree = "<group>"; };
		7F21859F1B05A3A100F1D652 /* ActivityViewControllerListViewController.m */ = {isa = PBXFileReference; fileEncoding = 4; lastKnownFileType = sourcecode.c.objc; name = ActivityViewControllerListViewController.m; path = Controllers/ActivityViewControllerListViewController.m; sourceTree = "<group>"; };
		7F2185A11B05D7C500F1D652 /* Store.h */ = {isa = PBXFileReference; fileEncoding = 4; lastKnownFileType = sourcecode.c.h; name = Store.h; path = Models/Store.h; sourceTree = "<group>"; };
		7F2185A21B05D7C500F1D652 /* Store.m */ = {isa = PBXFileReference; fileEncoding = 4; lastKnownFileType = sourcecode.c.objc; name = Store.m; path = Models/Store.m; sourceTree = "<group>"; };
		7F2185A41B05E32E00F1D652 /* TableViewListViewController.h */ = {isa = PBXFileReference; fileEncoding = 4; lastKnownFileType = sourcecode.c.h; name = TableViewListViewController.h; path = Controllers/TableViewListViewController.h; sourceTree = "<group>"; };
		7F2185A51B05E32E00F1D652 /* TableViewListViewController.m */ = {isa = PBXFileReference; fileEncoding = 4; lastKnownFileType = sourcecode.c.objc; name = TableViewListViewController.m; path = Controllers/TableViewListViewController.m; sourceTree = "<group>"; };
		7F2185A71B05EC7000F1D652 /* PickerViewListViewController.h */ = {isa = PBXFileReference; fileEncoding = 4; lastKnownFileType = sourcecode.c.h; name = PickerViewListViewController.h; path = Controllers/PickerViewListViewController.h; sourceTree = "<group>"; };
		7F2185A81B05EC7100F1D652 /* PickerViewListViewController.m */ = {isa = PBXFileReference; fileEncoding = 4; lastKnownFileType = sourcecode.c.objc; name = PickerViewListViewController.m; path = Controllers/PickerViewListViewController.m; sourceTree = "<group>"; };
		7F2185AA1B05ED8400F1D652 /* PickerViewController.h */ = {isa = PBXFileReference; fileEncoding = 4; lastKnownFileType = sourcecode.c.h; name = PickerViewController.h; path = Views/PickerViewController.h; sourceTree = "<group>"; };
		7F2185AB1B05ED8400F1D652 /* PickerViewController.m */ = {isa = PBXFileReference; fileEncoding = 4; lastKnownFileType = sourcecode.c.objc; name = PickerViewController.m; path = Views/PickerViewController.m; sourceTree = "<group>"; };
		7F21D0BB1B0C29D200311AC2 /* TableViewControllerListViewController.h */ = {isa = PBXFileReference; fileEncoding = 4; lastKnownFileType = sourcecode.c.h; name = TableViewControllerListViewController.h; path = Controllers/TableViewControllerListViewController.h; sourceTree = "<group>"; };
		7F21D0BC1B0C29D200311AC2 /* TableViewControllerListViewController.m */ = {isa = PBXFileReference; fileEncoding = 4; lastKnownFileType = sourcecode.c.objc; name = TableViewControllerListViewController.m; path = Controllers/TableViewControllerListViewController.m; sourceTree = "<group>"; };
		7F21D0BE1B0C552000311AC2 /* ListViewController.h */ = {isa = PBXFileReference; fileEncoding = 4; lastKnownFileType = sourcecode.c.h; name = ListViewController.h; path = Controllers/Common/ListViewController.h; sourceTree = "<group>"; };
		7F21D0BF1B0C552000311AC2 /* ListViewController.m */ = {isa = PBXFileReference; fileEncoding = 4; lastKnownFileType = sourcecode.c.objc; name = ListViewController.m; path = Controllers/Common/ListViewController.m; sourceTree = "<group>"; };
		7F21D0C11B0C571400311AC2 /* NumberFormatterListViewController.h */ = {isa = PBXFileReference; fileEncoding = 4; lastKnownFileType = sourcecode.c.h; name = NumberFormatterListViewController.h; path = Controllers/NumberFormatterListViewController.h; sourceTree = "<group>"; };
		7F21D0C21B0C571400311AC2 /* NumberFormatterListViewController.m */ = {isa = PBXFileReference; fileEncoding = 4; lastKnownFileType = sourcecode.c.objc; name = NumberFormatterListViewController.m; path = Controllers/NumberFormatterListViewController.m; sourceTree = "<group>"; };
		7F24F63E1B09D8D20024D249 /* AlertViewController.h */ = {isa = PBXFileReference; fileEncoding = 4; lastKnownFileType = sourcecode.c.h; name = AlertViewController.h; path = Views/AlertViewController.h; sourceTree = "<group>"; };
		7F24F63F1B09D8D20024D249 /* AlertViewController.m */ = {isa = PBXFileReference; fileEncoding = 4; lastKnownFileType = sourcecode.c.objc; name = AlertViewController.m; path = Views/AlertViewController.m; sourceTree = "<group>"; };
		7F24F6411B09D8F40024D249 /* Alert.storyboard */ = {isa = PBXFileReference; fileEncoding = 4; lastKnownFileType = file.storyboard; path = Alert.storyboard; sourceTree = "<group>"; };
		7F2BF3A01B0ACD7F00CA83C4 /* SampleAlertView.xib */ = {isa = PBXFileReference; fileEncoding = 4; lastKnownFileType = file.xib; name = SampleAlertView.xib; path = Resources/Views/AletViews/SampleAlertView.xib; sourceTree = "<group>"; };
		7F2BF3A21B0AD10F00CA83C4 /* SampleAlertViewController.h */ = {isa = PBXFileReference; fileEncoding = 4; lastKnownFileType = sourcecode.c.h; name = SampleAlertViewController.h; path = Views/SampleAlertViewController.h; sourceTree = "<group>"; };
		7F2BF3A31B0AD10F00CA83C4 /* SampleAlertViewController.m */ = {isa = PBXFileReference; fileEncoding = 4; lastKnownFileType = sourcecode.c.objc; name = SampleAlertViewController.m; path = Views/SampleAlertViewController.m; sourceTree = "<group>"; };
		7F2BF3A51B0AD34B00CA83C4 /* SampleAlert.storyboard */ = {isa = PBXFileReference; fileEncoding = 4; lastKnownFileType = file.storyboard; name = SampleAlert.storyboard; path = Base.lproj/StoryBoards/SampleAlert.storyboard; sourceTree = "<group>"; };
		7F2BF3A71B0B10AB00CA83C4 /* Alert2.storyboard */ = {isa = PBXFileReference; fileEncoding = 4; lastKnownFileType = file.storyboard; name = Alert2.storyboard; path = Base.lproj/StoryBoards/Alert2.storyboard; sourceTree = "<group>"; };
		7F2BF3A91B0B276800CA83C4 /* SliderListViewController.h */ = {isa = PBXFileReference; fileEncoding = 4; lastKnownFileType = sourcecode.c.h; name = SliderListViewController.h; path = Controllers/SliderListViewController.h; sourceTree = "<group>"; };
		7F2BF3AA1B0B276800CA83C4 /* SliderListViewController.m */ = {isa = PBXFileReference; fileEncoding = 4; lastKnownFileType = sourcecode.c.objc; name = SliderListViewController.m; path = Controllers/SliderListViewController.m; sourceTree = "<group>"; };
		7F2BF3AC1B0B2A4200CA83C4 /* ProgressViewListViewController.h */ = {isa = PBXFileReference; fileEncoding = 4; lastKnownFileType = sourcecode.c.h; name = ProgressViewListViewController.h; path = Controllers/ProgressViewListViewController.h; sourceTree = "<group>"; };
		7F2BF3AD1B0B2A4200CA83C4 /* ProgressViewListViewController.m */ = {isa = PBXFileReference; fileEncoding = 4; lastKnownFileType = sourcecode.c.objc; name = ProgressViewListViewController.m; path = Controllers/ProgressViewListViewController.m; sourceTree = "<group>"; };
		7F2BF3AF1B0B2A5800CA83C4 /* PageControlListViewController.h */ = {isa = PBXFileReference; fileEncoding = 4; lastKnownFileType = sourcecode.c.h; name = PageControlListViewController.h; path = Controllers/PageControlListViewController.h; sourceTree = "<group>"; };
		7F2BF3B01B0B2A5800CA83C4 /* PageControlListViewController.m */ = {isa = PBXFileReference; fileEncoding = 4; lastKnownFileType = sourcecode.c.objc; name = PageControlListViewController.m; path = Controllers/PageControlListViewController.m; sourceTree = "<group>"; };
		7F2BF3B21B0B2B1100CA83C4 /* StepperListViewController.h */ = {isa = PBXFileReference; fileEncoding = 4; lastKnownFileType = sourcecode.c.h; name = StepperListViewController.h; path = Controllers/StepperListViewController.h; sourceTree = "<group>"; };
		7F2BF3B31B0B2B1100CA83C4 /* StepperListViewController.m */ = {isa = PBXFileReference; fileEncoding = 4; lastKnownFileType = sourcecode.c.objc; name = StepperListViewController.m; path = Controllers/StepperListViewController.m; sourceTree = "<group>"; };
		7F2ED0601B0D8BF300F795A4 /* AreaSelection.storyboard */ = {isa = PBXFileReference; fileEncoding = 4; lastKnownFileType = file.storyboard; name = AreaSelection.storyboard; path = Base.lproj/StoryBoards/AreaSelection.storyboard; sourceTree = "<group>"; };
		7F462AED1BA953F300896434 /* ListAppliedConstrueViewController.h */ = {isa = PBXFileReference; fileEncoding = 4; lastKnownFileType = sourcecode.c.h; name = ListAppliedConstrueViewController.h; path = Controllers/ListAppliedConstrueViewController.h; sourceTree = "<group>"; };
		7F462AEE1BA953F300896434 /* ListAppliedConstrueViewController.m */ = {isa = PBXFileReference; fileEncoding = 4; lastKnownFileType = sourcecode.c.objc; name = ListAppliedConstrueViewController.m; path = Controllers/ListAppliedConstrueViewController.m; sourceTree = "<group>"; };
		9A064CA91BF5E61000E44803 /* ListUIViewControllerObjectViewController.h */ = {isa = PBXFileReference; fileEncoding = 4; lastKnownFileType = sourcecode.c.h; name = ListUIViewControllerObjectViewController.h; path = Controllers/UIViewController/ListUIViewControllerObjectViewController.h; sourceTree = "<group>"; };
		9A064CAA1BF5E61000E44803 /* ListUIViewControllerObjectViewController.m */ = {isa = PBXFileReference; fileEncoding = 4; lastKnownFileType = sourcecode.c.objc; name = ListUIViewControllerObjectViewController.m; path = Controllers/UIViewController/ListUIViewControllerObjectViewController.m; sourceTree = "<group>"; };
		9A064CAD1BF5E91400E44803 /* ListUIWindowObjectViewController.h */ = {isa = PBXFileReference; fileEncoding = 4; lastKnownFileType = sourcecode.c.h; name = ListUIWindowObjectViewController.h; path = Controllers/UIWindow/ListUIWindowObjectViewController.h; sourceTree = "<group>"; };
		9A064CAE1BF5E91400E44803 /* ListUIWindowObjectViewController.m */ = {isa = PBXFileReference; fileEncoding = 4; lastKnownFileType = sourcecode.c.objc; name = ListUIWindowObjectViewController.m; path = Controllers/UIWindow/ListUIWindowObjectViewController.m; sourceTree = "<group>"; };
		9A06C80B1BFB317600882EAA /* ListUIScrollViewObjectViewController.h */ = {isa = PBXFileReference; fileEncoding = 4; lastKnownFileType = sourcecode.c.h; name = ListUIScrollViewObjectViewController.h; path = Controllers/UIScrollView/ListUIScrollViewObjectViewController.h; sourceTree = "<group>"; };
		9A06C80C1BFB317600882EAA /* ListUIScrollViewObjectViewController.m */ = {isa = PBXFileReference; fileEncoding = 4; lastKnownFileType = sourcecode.c.objc; name = ListUIScrollViewObjectViewController.m; path = Controllers/UIScrollView/ListUIScrollViewObjectViewController.m; sourceTree = "<group>"; };
		9A06C80E1BFB337F00882EAA /* ListUITableViewObjectViewController.h */ = {isa = PBXFileReference; fileEncoding = 4; lastKnownFileType = sourcecode.c.h; name = ListUITableViewObjectViewController.h; path = Controllers/UITableView/ListUITableViewObjectViewController.h; sourceTree = "<group>"; };
		9A06C80F1BFB337F00882EAA /* ListUITableViewObjectViewController.m */ = {isa = PBXFileReference; fileEncoding = 4; lastKnownFileType = sourcecode.c.objc; name = ListUITableViewObjectViewController.m; path = Controllers/UITableView/ListUITableViewObjectViewController.m; sourceTree = "<group>"; };
		9A06C8121BFB385C00882EAA /* NoScrollTableViewController.h */ = {isa = PBXFileReference; fileEncoding = 4; lastKnownFileType = sourcecode.c.h; name = NoScrollTableViewController.h; path = Controllers/UITableView/Custom/NoScrollTableViewController.h; sourceTree = "<group>"; };
		9A06C8131BFB385C00882EAA /* NoScrollTableViewController.m */ = {isa = PBXFileReference; fileEncoding = 4; lastKnownFileType = sourcecode.c.objc; name = NoScrollTableViewController.m; path = Controllers/UITableView/Custom/NoScrollTableViewController.m; sourceTree = "<group>"; };
		9A06C8151BFB3BE800882EAA /* CheckMarkTableViewController.h */ = {isa = PBXFileReference; fileEncoding = 4; lastKnownFileType = sourcecode.c.h; name = CheckMarkTableViewController.h; path = Controllers/UITableView/Custom/CheckMarkTableViewController.h; sourceTree = "<group>"; };
		9A06C8161BFB3BE800882EAA /* CheckMarkTableViewController.m */ = {isa = PBXFileReference; fileEncoding = 4; lastKnownFileType = sourcecode.c.objc; name = CheckMarkTableViewController.m; path = Controllers/UITableView/Custom/CheckMarkTableViewController.m; sourceTree = "<group>"; };
		9A4FC02B1C22673700BAD54A /* CustomSecurityNumberKeyboard.storyboard */ = {isa = PBXFileReference; fileEncoding = 4; lastKnownFileType = file.storyboard; name = CustomSecurityNumberKeyboard.storyboard; path = Base.lproj/StoryBoards/Common/CustomSecurityNumberKeyboard.storyboard; sourceTree = "<group>"; };
		9A4FC02D1C2272C100BAD54A /* CustomSecurityNumberKeyboardViewController.h */ = {isa = PBXFileReference; fileEncoding = 4; lastKnownFileType = sourcecode.c.h; name = CustomSecurityNumberKeyboardViewController.h; path = Controllers/CustomKeyboard/CustomSecurityNumberKeyboardViewController.h; sourceTree = "<group>"; };
		9A4FC02E1C2272C100BAD54A /* CustomSecurityNumberKeyboardViewController.m */ = {isa = PBXFileReference; fileEncoding = 4; lastKnownFileType = sourcecode.c.objc; name = CustomSecurityNumberKeyboardViewController.m; path = Controllers/CustomKeyboard/CustomSecurityNumberKeyboardViewController.m; sourceTree = "<group>"; };
		9A5437641C17E2CB00B9F5E6 /* CustomNumberKeyboard.xib */ = {isa = PBXFileReference; fileEncoding = 4; lastKnownFileType = file.xib; name = CustomNumberKeyboard.xib; path = Base.lproj/StoryBoards/Common/CustomNumberKeyboard.xib; sourceTree = "<group>"; };
		9A5437661C17E4D100B9F5E6 /* CustomNumberKeyboard.h */ = {isa = PBXFileReference; fileEncoding = 4; lastKnownFileType = sourcecode.c.h; name = CustomNumberKeyboard.h; path = Views/Common/CustomNumberKeyboard.h; sourceTree = "<group>"; };
		9A5437671C17E4D100B9F5E6 /* CustomNumberKeyboard.m */ = {isa = PBXFileReference; fileEncoding = 4; lastKnownFileType = sourcecode.c.objc; name = CustomNumberKeyboard.m; path = Views/Common/CustomNumberKeyboard.m; sourceTree = "<group>"; };
		9A54376A1C17E7E500B9F5E6 /* ListCustomKeyboardsViewController.h */ = {isa = PBXFileReference; fileEncoding = 4; lastKnownFileType = sourcecode.c.h; name = ListCustomKeyboardsViewController.h; path = Controllers/CustomKeyboard/ListCustomKeyboardsViewController.h; sourceTree = "<group>"; };
		9A54376B1C17E7E500B9F5E6 /* ListCustomKeyboardsViewController.m */ = {isa = PBXFileReference; fileEncoding = 4; lastKnownFileType = sourcecode.c.objc; name = ListCustomKeyboardsViewController.m; path = Controllers/CustomKeyboard/ListCustomKeyboardsViewController.m; sourceTree = "<group>"; };
		9A5C9E421C0FFA43002EA33A /* ListUINavigationControllerObjectViewController.h */ = {isa = PBXFileReference; fileEncoding = 4; lastKnownFileType = sourcecode.c.h; name = ListUINavigationControllerObjectViewController.h; path = Controllers/UINavigationController/ListUINavigationControllerObjectViewController.h; sourceTree = "<group>"; };
		9A5C9E431C0FFA43002EA33A /* ListUINavigationControllerObjectViewController.m */ = {isa = PBXFileReference; fileEncoding = 4; lastKnownFileType = sourcecode.c.objc; name = ListUINavigationControllerObjectViewController.m; path = Controllers/UINavigationController/ListUINavigationControllerObjectViewController.m; sourceTree = "<group>"; };
		9A5C9E461C100EC4002EA33A /* ListUIViewObjectViewController.h */ = {isa = PBXFileReference; fileEncoding = 4; lastKnownFileType = sourcecode.c.h; name = ListUIViewObjectViewController.h; path = Controllers/UIView/ListUIViewObjectViewController.h; sourceTree = "<group>"; };
		9A5C9E471C100EC4002EA33A /* ListUIViewObjectViewController.m */ = {isa = PBXFileReference; fileEncoding = 4; lastKnownFileType = sourcecode.c.objc; name = ListUIViewObjectViewController.m; path = Controllers/UIView/ListUIViewObjectViewController.m; sourceTree = "<group>"; };
		9A5C9E4A1C10217B002EA33A /* ListNSURLConnectionObjectViewController.h */ = {isa = PBXFileReference; fileEncoding = 4; lastKnownFileType = sourcecode.c.h; name = ListNSURLConnectionObjectViewController.h; path = Controllers/NSURLConnection/ListNSURLConnectionObjectViewController.h; sourceTree = "<group>"; };
		9A5C9E4B1C10217B002EA33A /* ListNSURLConnectionObjectViewController.m */ = {isa = PBXFileReference; fileEncoding = 4; lastKnownFileType = sourcecode.c.objc; name = ListNSURLConnectionObjectViewController.m; path = Controllers/NSURLConnection/ListNSURLConnectionObjectViewController.m; sourceTree = "<group>"; };
		9A6066881C436E40007A723A /* WordWorfGameViewController.h */ = {isa = PBXFileReference; fileEncoding = 4; lastKnownFileType = sourcecode.c.h; name = WordWorfGameViewController.h; path = Controllers/Game/WordWolf/WordWorfGameViewController.h; sourceTree = "<group>"; };
		9A6066891C436E40007A723A /* WordWorfGameViewController.m */ = {isa = PBXFileReference; fileEncoding = 4; lastKnownFileType = sourcecode.c.objc; name = WordWorfGameViewController.m; path = Controllers/Game/WordWolf/WordWorfGameViewController.m; sourceTree = "<group>"; };
		9A6A4D821C0D7ACC00C95A08 /* ListXCodeErrorViewController.h */ = {isa = PBXFileReference; fileEncoding = 4; lastKnownFileType = sourcecode.c.h; name = ListXCodeErrorViewController.h; path = Controllers/ListXCodeErrorViewController.h; sourceTree = "<group>"; };
		9A6A4D831C0D7ACC00C95A08 /* ListXCodeErrorViewController.m */ = {isa = PBXFileReference; fileEncoding = 4; lastKnownFileType = sourcecode.c.objc; name = ListXCodeErrorViewController.m; path = Controllers/ListXCodeErrorViewController.m; sourceTree = "<group>"; };
		9A6F68171BFC1E4D0090E2D4 /* ColorCheckMarkTableViewController.h */ = {isa = PBXFileReference; fileEncoding = 4; lastKnownFileType = sourcecode.c.h; name = ColorCheckMarkTableViewController.h; path = Controllers/UITableView/Custom/ColorCheckMarkTableViewController.h; sourceTree = "<group>"; };
		9A6F68181BFC1E4D0090E2D4 /* ColorCheckMarkTableViewController.m */ = {isa = PBXFileReference; fileEncoding = 4; lastKnownFileType = sourcecode.c.objc; name = ColorCheckMarkTableViewController.m; path = Controllers/UITableView/Custom/ColorCheckMarkTableViewController.m; sourceTree = "<group>"; };
		9A7580031C1FB2BC003067AB /* ListUIImageObjectViewController.h */ = {isa = PBXFileReference; fileEncoding = 4; lastKnownFileType = sourcecode.c.h; name = ListUIImageObjectViewController.h; path = Controllers/UIImage/ListUIImageObjectViewController.h; sourceTree = "<group>"; };
		9A7580041C1FB2BC003067AB /* ListUIImageObjectViewController.m */ = {isa = PBXFileReference; fileEncoding = 4; lastKnownFileType = sourcecode.c.objc; name = ListUIImageObjectViewController.m; path = Controllers/UIImage/ListUIImageObjectViewController.m; sourceTree = "<group>"; };
		9A7580071C1FCCF1003067AB /* ListNSStringObjectViewController.h */ = {isa = PBXFileReference; fileEncoding = 4; lastKnownFileType = sourcecode.c.h; name = ListNSStringObjectViewController.h; path = Controllers/NSString/ListNSStringObjectViewController.h; sourceTree = "<group>"; };
		9A7580081C1FCCF1003067AB /* ListNSStringObjectViewController.m */ = {isa = PBXFileReference; fileEncoding = 4; lastKnownFileType = sourcecode.c.objc; name = ListNSStringObjectViewController.m; path = Controllers/NSString/ListNSStringObjectViewController.m; sourceTree = "<group>"; };
		9A7693771C21197400F3FFB0 /* AdScreen.storyboard */ = {isa = PBXFileReference; fileEncoding = 4; lastKnownFileType = file.storyboard; name = AdScreen.storyboard; path = Base.lproj/StoryBoards/AdScreen.storyboard; sourceTree = "<group>"; };
		9A7693791C211A2E00F3FFB0 /* AdScreenViewController.h */ = {isa = PBXFileReference; fileEncoding = 4; lastKnownFileType = sourcecode.c.h; name = AdScreenViewController.h; path = Controllers/AdScreenViewController.h; sourceTree = "<group>"; };
		9A76937A1C211A2E00F3FFB0 /* AdScreenViewController.m */ = {isa = PBXFileReference; fileEncoding = 4; lastKnownFileType = sourcecode.c.objc; name = AdScreenViewController.m; path = Controllers/AdScreenViewController.m; sourceTree = "<group>"; };
		9A76937C1C213C3700F3FFB0 /* UtilsViewController.h */ = {isa = PBXFileReference; fileEncoding = 4; lastKnownFileType = sourcecode.c.h; name = UtilsViewController.h; path = Utils/Common/UtilsViewController.h; sourceTree = "<group>"; };
		9A76937D1C213C3800F3FFB0 /* UtilsViewController.m */ = {isa = PBXFileReference; fileEncoding = 4; lastKnownFileType = sourcecode.c.objc; name = UtilsViewController.m; path = Utils/Common/UtilsViewController.m; sourceTree = "<group>"; };
		9A76937F1C21427100F3FFB0 /* ToastViewController.h */ = {isa = PBXFileReference; fileEncoding = 4; lastKnownFileType = sourcecode.c.h; name = ToastViewController.h; path = Controllers/ToastViewController.h; sourceTree = "<group>"; };
		9A7693801C21427100F3FFB0 /* ToastViewController.m */ = {isa = PBXFileReference; fileEncoding = 4; lastKnownFileType = sourcecode.c.objc; name = ToastViewController.m; path = Controllers/ToastViewController.m; sourceTree = "<group>"; };
		9A7FBB301C292F7300B4E1C6 /* CustomShopping.storyboard */ = {isa = PBXFileReference; fileEncoding = 4; lastKnownFileType = file.storyboard; name = CustomShopping.storyboard; path = Base.lproj/StoryBoards/CustomShopping.storyboard; sourceTree = "<group>"; };
		9A7FBB331C2933C500B4E1C6 /* CustomShoppingViewController.h */ = {isa = PBXFileReference; fileEncoding = 4; lastKnownFileType = sourcecode.c.h; name = CustomShoppingViewController.h; path = Controllers/Shopping/CustomShoppingViewController.h; sourceTree = "<group>"; };
		9A7FBB341C2933C500B4E1C6 /* CustomShoppingViewController.m */ = {isa = PBXFileReference; fileEncoding = 4; lastKnownFileType = sourcecode.c.objc; name = CustomShoppingViewController.m; path = Controllers/Shopping/CustomShoppingViewController.m; sourceTree = "<group>"; };
		9A7FBB3B1C2938B400B4E1C6 /* ContentsGiftingViewController.h */ = {isa = PBXFileReference; fileEncoding = 4; lastKnownFileType = sourcecode.c.h; name = ContentsGiftingViewController.h; path = Controllers/Shopping/Contents/Gifting/ContentsGiftingViewController.h; sourceTree = "<group>"; };
		9A7FBB3C1C2938B400B4E1C6 /* ContentsGiftingViewController.m */ = {isa = PBXFileReference; fileEncoding = 4; lastKnownFileType = sourcecode.c.objc; name = ContentsGiftingViewController.m; path = Controllers/Shopping/Contents/Gifting/ContentsGiftingViewController.m; sourceTree = "<group>"; };
		9A7FBB3E1C2938DB00B4E1C6 /* ContentsSettingViewController.h */ = {isa = PBXFileReference; fileEncoding = 4; lastKnownFileType = sourcecode.c.h; name = ContentsSettingViewController.h; path = Controllers/Shopping/Contents/Setting/ContentsSettingViewController.h; sourceTree = "<group>"; };
		9A7FBB3F1C2938DB00B4E1C6 /* ContentsSettingViewController.m */ = {isa = PBXFileReference; fileEncoding = 4; lastKnownFileType = sourcecode.c.objc; name = ContentsSettingViewController.m; path = Controllers/Shopping/Contents/Setting/ContentsSettingViewController.m; sourceTree = "<group>"; };
		9A7FBB411C29391100B4E1C6 /* ContentsShoppingViewController.h */ = {isa = PBXFileReference; fileEncoding = 4; lastKnownFileType = sourcecode.c.h; name = ContentsShoppingViewController.h; path = Controllers/Shopping/Contents/Shopping/ContentsShoppingViewController.h; sourceTree = "<group>"; };
		9A7FBB421C29391100B4E1C6 /* ContentsShoppingViewController.m */ = {isa = PBXFileReference; fileEncoding = 4; lastKnownFileType = sourcecode.c.objc; name = ContentsShoppingViewController.m; path = Controllers/Shopping/Contents/Shopping/ContentsShoppingViewController.m; sourceTree = "<group>"; };
		9A7FBB441C29394600B4E1C6 /* ContentsTopViewController.h */ = {isa = PBXFileReference; fileEncoding = 4; lastKnownFileType = sourcecode.c.h; name = ContentsTopViewController.h; path = Controllers/Shopping/Contents/Top/ContentsTopViewController.h; sourceTree = "<group>"; };
		9A7FBB451C29394600B4E1C6 /* ContentsTopViewController.m */ = {isa = PBXFileReference; fileEncoding = 4; lastKnownFileType = sourcecode.c.objc; name = ContentsTopViewController.m; path = Controllers/Shopping/Contents/Top/ContentsTopViewController.m; sourceTree = "<group>"; };
		9A7FBB471C293D9F00B4E1C6 /* ContentsSettingTableView.h */ = {isa = PBXFileReference; fileEncoding = 4; lastKnownFileType = sourcecode.c.h; name = ContentsSettingTableView.h; path = Controllers/Shopping/Contents/Setting/ContentsSettingTableView.h; sourceTree = "<group>"; };
		9A7FBB481C293D9F00B4E1C6 /* ContentsSettingTableView.m */ = {isa = PBXFileReference; fileEncoding = 4; lastKnownFileType = sourcecode.c.objc; name = ContentsSettingTableView.m; path = Controllers/Shopping/Contents/Setting/ContentsSettingTableView.m; sourceTree = "<group>"; };
		9A7FBB4A1C2940EA00B4E1C6 /* ContentsSettingTableViewCell.h */ = {isa = PBXFileReference; fileEncoding = 4; lastKnownFileType = sourcecode.c.h; name = ContentsSettingTableViewCell.h; path = Controllers/Shopping/Contents/Setting/ContentsSettingTableViewCell.h; sourceTree = "<group>"; };
		9A7FBB4B1C2940EA00B4E1C6 /* ContentsSettingTableViewCell.m */ = {isa = PBXFileReference; fileEncoding = 4; lastKnownFileType = sourcecode.c.objc; name = ContentsSettingTableViewCell.m; path = Controllers/Shopping/Contents/Setting/ContentsSettingTableViewCell.m; sourceTree = "<group>"; };
		9A825D5F1C4DC1FC000B94AA /* GameStatusViewController.h */ = {isa = PBXFileReference; fileEncoding = 4; lastKnownFileType = sourcecode.c.h; name = GameStatusViewController.h; path = Controllers/Game/Status/GameStatusViewController.h; sourceTree = "<group>"; };
		9A825D601C4DC1FC000B94AA /* GameStatusViewController.m */ = {isa = PBXFileReference; fileEncoding = 4; lastKnownFileType = sourcecode.c.objc; name = GameStatusViewController.m; path = Controllers/Game/Status/GameStatusViewController.m; sourceTree = "<group>"; };
		9A904BA81BFACFDD00258ACB /* KeyNames.h */ = {isa = PBXFileReference; fileEncoding = 4; lastKnownFileType = sourcecode.c.h; name = KeyNames.h; path = Models/Common/KeyNames.h; sourceTree = "<group>"; };
		9A904BA91BFACFDD00258ACB /* KeyNames.m */ = {isa = PBXFileReference; fileEncoding = 4; lastKnownFileType = sourcecode.c.objc; name = KeyNames.m; path = Models/Common/KeyNames.m; sourceTree = "<group>"; };
		9A904BAB1BFAD19D00258ACB /* SettingContentsViewController.h */ = {isa = PBXFileReference; fileEncoding = 4; lastKnownFileType = sourcecode.c.h; name = SettingContentsViewController.h; path = Controllers/Setting/SettingContentsViewController.h; sourceTree = "<group>"; };
		9A904BAC1BFAD19D00258ACB /* SettingContentsViewController.m */ = {isa = PBXFileReference; fileEncoding = 4; lastKnownFileType = sourcecode.c.objc; name = SettingContentsViewController.m; path = Controllers/Setting/SettingContentsViewController.m; sourceTree = "<group>"; };
		9A962D701BF9CF71009AD1A4 /* Settings.plist */ = {isa = PBXFileReference; fileEncoding = 4; lastKnownFileType = text.plist.xml; name = Settings.plist; path = Resources/Settings/Settings.plist; sourceTree = "<group>"; };
		9A9AE0391C18235300DA7636 /* ListNSFileManagerObjectViewController.h */ = {isa = PBXFileReference; fileEncoding = 4; lastKnownFileType = sourcecode.c.h; name = ListNSFileManagerObjectViewController.h; path = Controllers/NSFileManager/ListNSFileManagerObjectViewController.h; sourceTree = "<group>"; };
		9A9AE03A1C18235400DA7636 /* ListNSFileManagerObjectViewController.m */ = {isa = PBXFileReference; fileEncoding = 4; lastKnownFileType = sourcecode.c.objc; name = ListNSFileManagerObjectViewController.m; path = Controllers/NSFileManager/ListNSFileManagerObjectViewController.m; sourceTree = "<group>"; };
		9AAF821B1C3B626C00D4EB41 /* DevelopmentManagementTableViewController.h */ = {isa = PBXFileReference; fileEncoding = 4; lastKnownFileType = sourcecode.c.h; name = DevelopmentManagementTableViewController.h; path = Controllers/DevelopmentManagementTable/DevelopmentManagementTableViewController.h; sourceTree = "<group>"; };
		9AAF821C1C3B626C00D4EB41 /* DevelopmentManagementTableViewController.m */ = {isa = PBXFileReference; fileEncoding = 4; lastKnownFileType = sourcecode.c.objc; name = DevelopmentManagementTableViewController.m; path = Controllers/DevelopmentManagementTable/DevelopmentManagementTableViewController.m; sourceTree = "<group>"; };
		9AC9843F1C2D140D004D28AB /* CustomButtonCell.h */ = {isa = PBXFileReference; fileEncoding = 4; lastKnownFileType = sourcecode.c.h; name = CustomButtonCell.h; path = Views/Common/UITableViewCell/CustomButtonCell.h; sourceTree = "<group>"; };
		9AC984401C2D140D004D28AB /* CustomButtonCell.m */ = {isa = PBXFileReference; fileEncoding = 4; lastKnownFileType = sourcecode.c.objc; name = CustomButtonCell.m; path = Views/Common/UITableViewCell/CustomButtonCell.m; sourceTree = "<group>"; };
		9AC984421C2D1717004D28AB /* CommonCell.h */ = {isa = PBXFileReference; fileEncoding = 4; lastKnownFileType = sourcecode.c.h; name = CommonCell.h; path = Views/Common/UITableViewCell/CommonCell.h; sourceTree = "<group>"; };
		9AC984431C2D1717004D28AB /* CommonCell.m */ = {isa = PBXFileReference; fileEncoding = 4; lastKnownFileType = sourcecode.c.objc; name = CommonCell.m; path = Views/Common/UITableViewCell/CommonCell.m; sourceTree = "<group>"; };
		9ACFE9B01C3A402100E6A12A /* UtilsMath.h */ = {isa = PBXFileReference; fileEncoding = 4; lastKnownFileType = sourcecode.c.h; name = UtilsMath.h; path = Utils/UtilsMath.h; sourceTree = "<group>"; };
		9ACFE9B11C3A402100E6A12A /* UtilsMath.m */ = {isa = PBXFileReference; fileEncoding = 4; lastKnownFileType = sourcecode.c.objc; name = UtilsMath.m; path = Utils/UtilsMath.m; sourceTree = "<group>"; };
		9ACFE9B41C3A4EFD00E6A12A /* UtilsBlogSearch.h */ = {isa = PBXFileReference; fileEncoding = 4; lastKnownFileType = sourcecode.c.h; name = UtilsBlogSearch.h; path = Utils/BlogSearch/UtilsBlogSearch.h; sourceTree = "<group>"; };
		9ACFE9B51C3A4EFD00E6A12A /* UtilsBlogSearch.m */ = {isa = PBXFileReference; fileEncoding = 4; lastKnownFileType = sourcecode.c.objc; name = UtilsBlogSearch.m; path = Utils/BlogSearch/UtilsBlogSearch.m; sourceTree = "<group>"; };
		9AD8CE0D1BF34AB1003C2566 /* UtilsFILE.h */ = {isa = PBXFileReference; fileEncoding = 4; lastKnownFileType = sourcecode.c.h; name = UtilsFILE.h; path = Utils/FILE/UtilsFILE.h; sourceTree = "<group>"; };
		9AD8CE0E1BF34AB1003C2566 /* UtilsFILE.m */ = {isa = PBXFileReference; fileEncoding = 4; lastKnownFileType = sourcecode.c.objc; name = UtilsFILE.m; path = Utils/FILE/UtilsFILE.m; sourceTree = "<group>"; };
		9AFAD5DF1BF2DFF800FD0665 /* ListImageViewController.h */ = {isa = PBXFileReference; fileEncoding = 4; lastKnownFileType = sourcecode.c.h; name = ListImageViewController.h; path = Controllers/ListImageViewController.h; sourceTree = "<group>"; };
		9AFAD5E01BF2DFF800FD0665 /* ListImageViewController.m */ = {isa = PBXFileReference; fileEncoding = 4; lastKnownFileType = sourcecode.c.objc; name = ListImageViewController.m; path = Controllers/ListImageViewController.m; sourceTree = "<group>"; };
		9AFAD5E31BF2E2A100FD0665 /* ListUIImageViewObjectViewController.h */ = {isa = PBXFileReference; fileEncoding = 4; lastKnownFileType = sourcecode.c.h; name = ListUIImageViewObjectViewController.h; path = Controllers/UIImageView/ListUIImageViewObjectViewController.h; sourceTree = "<group>"; };
		9AFAD5E41BF2E2A100FD0665 /* ListUIImageViewObjectViewController.m */ = {isa = PBXFileReference; fileEncoding = 4; lastKnownFileType = sourcecode.c.objc; name = ListUIImageViewObjectViewController.m; path = Controllers/UIImageView/ListUIImageViewObjectViewController.m; sourceTree = "<group>"; };
		9AFAD5E61BF2E36400FD0665 /* BaceListViewController.h */ = {isa = PBXFileReference; fileEncoding = 4; lastKnownFileType = sourcecode.c.h; name = BaceListViewController.h; path = Controllers/Common/BaceListViewController.h; sourceTree = "<group>"; };
		9AFAD5E71BF2E36400FD0665 /* BaceListViewController.m */ = {isa = PBXFileReference; fileEncoding = 4; lastKnownFileType = sourcecode.c.objc; name = BaceListViewController.m; path = Controllers/Common/BaceListViewController.m; sourceTree = "<group>"; };
		9AFAD5EA1BF3087100FD0665 /* ListUIResponderObjectViewController.h */ = {isa = PBXFileReference; fileEncoding = 4; lastKnownFileType = sourcecode.c.h; name = ListUIResponderObjectViewController.h; path = Controllers/UIResponder/ListUIResponderObjectViewController.h; sourceTree = "<group>"; };
		9AFAD5EB1BF3087100FD0665 /* ListUIResponderObjectViewController.m */ = {isa = PBXFileReference; fileEncoding = 4; lastKnownFileType = sourcecode.c.objc; name = ListUIResponderObjectViewController.m; path = Controllers/UIResponder/ListUIResponderObjectViewController.m; sourceTree = "<group>"; };
		9AFAD5EE1BF3106D00FD0665 /* ListUILocalNotificationObjectViewController.h */ = {isa = PBXFileReference; fileEncoding = 4; lastKnownFileType = sourcecode.c.h; name = ListUILocalNotificationObjectViewController.h; path = Controllers/UILocalNotification/ListUILocalNotificationObjectViewController.h; sourceTree = "<group>"; };
		9AFAD5EF1BF3106D00FD0665 /* ListUILocalNotificationObjectViewController.m */ = {isa = PBXFileReference; fileEncoding = 4; lastKnownFileType = sourcecode.c.objc; name = ListUILocalNotificationObjectViewController.m; path = Controllers/UILocalNotification/ListUILocalNotificationObjectViewController.m; sourceTree = "<group>"; };
		BD0DA5B11AF7134400BDA278 /* UIAlertView+Custom.h */ = {isa = PBXFileReference; fileEncoding = 4; lastKnownFileType = sourcecode.c.h; name = "UIAlertView+Custom.h"; path = "Views/UIAlertView+Custom.h"; sourceTree = "<group>"; };
		BD0DA5B21AF7134400BDA278 /* UIAlertView+Custom.m */ = {isa = PBXFileReference; fileEncoding = 4; lastKnownFileType = sourcecode.c.objc; name = "UIAlertView+Custom.m"; path = "Views/UIAlertView+Custom.m"; sourceTree = "<group>"; };
		BD0DA5B71AF7153900BDA278 /* UIView+Custom.h */ = {isa = PBXFileReference; fileEncoding = 4; lastKnownFileType = sourcecode.c.h; name = "UIView+Custom.h"; path = "Views/UIView+Custom.h"; sourceTree = "<group>"; };
		BD0DA5B81AF7153900BDA278 /* UIView+Custom.m */ = {isa = PBXFileReference; fileEncoding = 4; lastKnownFileType = sourcecode.c.objc; name = "UIView+Custom.m"; path = "Views/UIView+Custom.m"; sourceTree = "<group>"; };
		BDE2122E1AE69102002A0746 /* Main.storyboard */ = {isa = PBXFileReference; fileEncoding = 4; lastKnownFileType = file.storyboard; name = Main.storyboard; path = Base.lproj/StoryBoards/Main.storyboard; sourceTree = "<group>"; };
		BDE212301AE69182002A0746 /* ViewController.h */ = {isa = PBXFileReference; fileEncoding = 4; lastKnownFileType = sourcecode.c.h; name = ViewController.h; path = Controllers/ViewController.h; sourceTree = "<group>"; };
		BDE212311AE69182002A0746 /* ViewController.m */ = {isa = PBXFileReference; fileEncoding = 4; lastKnownFileType = sourcecode.c.objc; name = ViewController.m; path = Controllers/ViewController.m; sourceTree = "<group>"; };
		BDE212331AE6B477002A0746 /* CustomAlertController.h */ = {isa = PBXFileReference; fileEncoding = 4; lastKnownFileType = sourcecode.c.h; name = CustomAlertController.h; path = Views/Common/CustomAlertController.h; sourceTree = "<group>"; };
		BDE212341AE6B477002A0746 /* CustomAlertController.m */ = {isa = PBXFileReference; fileEncoding = 4; lastKnownFileType = sourcecode.c.objc; name = CustomAlertController.m; path = Views/Common/CustomAlertController.m; sourceTree = "<group>"; };
		BDE212371AE6B635002A0746 /* CustomAlert.storyboard */ = {isa = PBXFileReference; fileEncoding = 4; lastKnownFileType = file.storyboard; name = CustomAlert.storyboard; path = Base.lproj/StoryBoards/Common/CustomAlert.storyboard; sourceTree = "<group>"; };
		BDE212391AE7D14A002A0746 /* 3DViewController.h */ = {isa = PBXFileReference; fileEncoding = 4; lastKnownFileType = sourcecode.c.h; name = 3DViewController.h; path = Controllers/Common/3DViewController.h; sourceTree = "<group>"; };
		BDE2123A1AE7D14A002A0746 /* 3DViewController.m */ = {isa = PBXFileReference; fileEncoding = 4; lastKnownFileType = sourcecode.c.objc; name = 3DViewController.m; path = Controllers/Common/3DViewController.m; sourceTree = "<group>"; };
		BDE2123F1AE91B8F002A0746 /* ListAlertViewController.h */ = {isa = PBXFileReference; fileEncoding = 4; lastKnownFileType = sourcecode.c.h; name = ListAlertViewController.h; path = Controllers/ListAlertViewController.h; sourceTree = "<group>"; };
		BDE212401AE91B8F002A0746 /* ListAlertViewController.m */ = {isa = PBXFileReference; fileEncoding = 4; lastKnownFileType = sourcecode.c.objc; name = ListAlertViewController.m; path = Controllers/ListAlertViewController.m; sourceTree = "<group>"; };
		BDE62D181C65DFEC0085810D /* ListMapKitViewController.h */ = {isa = PBXFileReference; fileEncoding = 4; lastKnownFileType = sourcecode.c.h; name = ListMapKitViewController.h; path = ../../../../../../.Trash/ListMapKitViewController.h; sourceTree = "<group>"; };
		BDE62D191C65DFEC0085810D /* ListMapKitViewController.m */ = {isa = PBXFileReference; fileEncoding = 4; lastKnownFileType = sourcecode.c.objc; name = ListMapKitViewController.m; path = ../../../../../../.Trash/ListMapKitViewController.m; sourceTree = "<group>"; };
		BDEEC2221AD7EE9F00B522D9 /* SandBox.app */ = {isa = PBXFileReference; explicitFileType = wrapper.application; includeInIndex = 0; path = SandBox.app; sourceTree = BUILT_PRODUCTS_DIR; };
		BDEEC2261AD7EE9F00B522D9 /* Info.plist */ = {isa = PBXFileReference; lastKnownFileType = text.plist.xml; path = Info.plist; sourceTree = "<group>"; };
		BDEEC2271AD7EE9F00B522D9 /* main.m */ = {isa = PBXFileReference; lastKnownFileType = sourcecode.c.objc; path = main.m; sourceTree = "<group>"; };
		BDEEC2291AD7EE9F00B522D9 /* AppDelegate.h */ = {isa = PBXFileReference; lastKnownFileType = sourcecode.c.h; path = AppDelegate.h; sourceTree = "<group>"; };
		BDEEC22A1AD7EE9F00B522D9 /* AppDelegate.m */ = {isa = PBXFileReference; lastKnownFileType = sourcecode.c.objc; path = AppDelegate.m; sourceTree = "<group>"; };
		BDEEC2321AD7EE9F00B522D9 /* Images.xcassets */ = {isa = PBXFileReference; lastKnownFileType = folder.assetcatalog; path = Images.xcassets; sourceTree = "<group>"; };
		BDEEC2351AD7EE9F00B522D9 /* Base */ = {isa = PBXFileReference; lastKnownFileType = file.xib; name = Base; path = Base.lproj/LaunchScreen.xib; sourceTree = "<group>"; };
		BDEEC23B1AD7EE9F00B522D9 /* SandBoxTests.xctest */ = {isa = PBXFileReference; explicitFileType = wrapper.cfbundle; includeInIndex = 0; path = SandBoxTests.xctest; sourceTree = BUILT_PRODUCTS_DIR; };
		BDEEC2401AD7EEA000B522D9 /* Info.plist */ = {isa = PBXFileReference; lastKnownFileType = text.plist.xml; path = Info.plist; sourceTree = "<group>"; };
		BDEEC2411AD7EEA000B522D9 /* SandBoxTests.m */ = {isa = PBXFileReference; lastKnownFileType = sourcecode.c.objc; path = SandBoxTests.m; sourceTree = "<group>"; };
/* End PBXFileReference section */

/* Begin PBXFrameworksBuildPhase section */
		BDEEC21F1AD7EE9F00B522D9 /* Frameworks */ = {
			isa = PBXFrameworksBuildPhase;
			buildActionMask = 2147483647;
			files = (
			);
			runOnlyForDeploymentPostprocessing = 0;
		};
		BDEEC2381AD7EE9F00B522D9 /* Frameworks */ = {
			isa = PBXFrameworksBuildPhase;
			buildActionMask = 2147483647;
			files = (
			);
			runOnlyForDeploymentPostprocessing = 0;
		};
/* End PBXFrameworksBuildPhase section */

/* Begin PBXGroup section */
		7F2BF39E1B0ACD0A00CA83C4 /* Views */ = {
			isa = PBXGroup;
			children = (
				7F2BF39F1B0ACD1A00CA83C4 /* AlertViews */,
			);
			name = Views;
			sourceTree = "<group>";
		};
		7F2BF39F1B0ACD1A00CA83C4 /* AlertViews */ = {
			isa = PBXGroup;
			children = (
				7F2BF3A01B0ACD7F00CA83C4 /* SampleAlertView.xib */,
			);
			name = AlertViews;
			sourceTree = "<group>";
		};
		9A064CA81BF5E53900E44803 /* UIViewController */ = {
			isa = PBXGroup;
			children = (
				9A064CA91BF5E61000E44803 /* ListUIViewControllerObjectViewController.h */,
				9A064CAA1BF5E61000E44803 /* ListUIViewControllerObjectViewController.m */,
			);
			name = UIViewController;
			sourceTree = "<group>";
		};
		9A064CAC1BF5E8B400E44803 /* UIWindow */ = {
			isa = PBXGroup;
			children = (
				9A064CAD1BF5E91400E44803 /* ListUIWindowObjectViewController.h */,
				9A064CAE1BF5E91400E44803 /* ListUIWindowObjectViewController.m */,
			);
			name = UIWindow;
			sourceTree = "<group>";
		};
		9A06C80A1BFB30F700882EAA /* UIScrollView */ = {
			isa = PBXGroup;
			children = (
				9A06C80B1BFB317600882EAA /* ListUIScrollViewObjectViewController.h */,
				9A06C80C1BFB317600882EAA /* ListUIScrollViewObjectViewController.m */,
			);
			name = UIScrollView;
			sourceTree = "<group>";
		};
		9A06C8111BFB381600882EAA /* Custom */ = {
			isa = PBXGroup;
			children = (
				9A06C8121BFB385C00882EAA /* NoScrollTableViewController.h */,
				9A06C8131BFB385C00882EAA /* NoScrollTableViewController.m */,
				9A06C8151BFB3BE800882EAA /* CheckMarkTableViewController.h */,
				9A06C8161BFB3BE800882EAA /* CheckMarkTableViewController.m */,
				9A6F68171BFC1E4D0090E2D4 /* ColorCheckMarkTableViewController.h */,
				9A6F68181BFC1E4D0090E2D4 /* ColorCheckMarkTableViewController.m */,
			);
			name = Custom;
			sourceTree = "<group>";
		};
		9A5437691C17E7A900B9F5E6 /* CustomKeyboard */ = {
			isa = PBXGroup;
			children = (
				9A54376A1C17E7E500B9F5E6 /* ListCustomKeyboardsViewController.h */,
				9A54376B1C17E7E500B9F5E6 /* ListCustomKeyboardsViewController.m */,
				9A4FC02D1C2272C100BAD54A /* CustomSecurityNumberKeyboardViewController.h */,
				9A4FC02E1C2272C100BAD54A /* CustomSecurityNumberKeyboardViewController.m */,
			);
			name = CustomKeyboard;
			sourceTree = "<group>";
		};
		9A5C9E411C0FF9FC002EA33A /* UINavigationController */ = {
			isa = PBXGroup;
			children = (
				9A5C9E421C0FFA43002EA33A /* ListUINavigationControllerObjectViewController.h */,
				9A5C9E431C0FFA43002EA33A /* ListUINavigationControllerObjectViewController.m */,
			);
			name = UINavigationController;
			sourceTree = "<group>";
		};
		9A5C9E451C100E93002EA33A /* UIView */ = {
			isa = PBXGroup;
			children = (
				9A5C9E461C100EC4002EA33A /* ListUIViewObjectViewController.h */,
				9A5C9E471C100EC4002EA33A /* ListUIViewObjectViewController.m */,
			);
			name = UIView;
			sourceTree = "<group>";
		};
		9A5C9E491C102153002EA33A /* NSURLConnection */ = {
			isa = PBXGroup;
			children = (
				9A5C9E4A1C10217B002EA33A /* ListNSURLConnectionObjectViewController.h */,
				9A5C9E4B1C10217B002EA33A /* ListNSURLConnectionObjectViewController.m */,
			);
			name = NSURLConnection;
			sourceTree = "<group>";
		};
		9A6066861C436D64007A723A /* Game */ = {
			isa = PBXGroup;
			children = (
				9A825D5E1C4DC1D2000B94AA /* Status */,
				9A6066871C436D70007A723A /* WordWolf */,
			);
			name = Game;
			sourceTree = "<group>";
		};
		9A6066871C436D70007A723A /* WordWolf */ = {
			isa = PBXGroup;
			children = (
				9A6066881C436E40007A723A /* WordWorfGameViewController.h */,
				9A6066891C436E40007A723A /* WordWorfGameViewController.m */,
			);
			name = WordWolf;
			sourceTree = "<group>";
		};
		9A72AE981C4F2520007C2687 /* ObjectiveC */ = {
			isa = PBXGroup;
			children = (
				9A72AE991C4F2629007C2687 /* Basic */,
				9A72AE9A1C4F2637007C2687 /* Framework */,
			);
			name = ObjectiveC;
			path = Controllers/ObjectiveC;
			sourceTree = "<group>";
		};
		9A72AE991C4F2629007C2687 /* Basic */ = {
			isa = PBXGroup;
			children = (
			);
			name = Basic;
			sourceTree = "<group>";
		};
		9A72AE9A1C4F2637007C2687 /* Framework */ = {
			isa = PBXGroup;
			children = (
				BDE62D181C65DFEC0085810D /* ListMapKitViewController.h */,
				BDE62D191C65DFEC0085810D /* ListMapKitViewController.m */,
			);
			name = Framework;
			sourceTree = "<group>";
		};
		9A7580021C1FB266003067AB /* UIImage */ = {
			isa = PBXGroup;
			children = (
				9A7580031C1FB2BC003067AB /* ListUIImageObjectViewController.h */,
				9A7580041C1FB2BC003067AB /* ListUIImageObjectViewController.m */,
			);
			name = UIImage;
			sourceTree = "<group>";
		};
		9A7580061C1FCCBF003067AB /* NSString */ = {
			isa = PBXGroup;
			children = (
				9A7580071C1FCCF1003067AB /* ListNSStringObjectViewController.h */,
				9A7580081C1FCCF1003067AB /* ListNSStringObjectViewController.m */,
			);
			name = NSString;
			sourceTree = "<group>";
		};
		9A7FBB321C29335A00B4E1C6 /* Shopping */ = {
			isa = PBXGroup;
			children = (
				9A7FBB361C29374C00B4E1C6 /* Contents */,
				9A7FBB331C2933C500B4E1C6 /* CustomShoppingViewController.h */,
				9A7FBB341C2933C500B4E1C6 /* CustomShoppingViewController.m */,
			);
			name = Shopping;
			sourceTree = "<group>";
		};
		9A7FBB361C29374C00B4E1C6 /* Contents */ = {
			isa = PBXGroup;
			children = (
				9A7FBB3A1C29377900B4E1C6 /* Gifting */,
				9A7FBB391C29376500B4E1C6 /* Setting */,
				9A7FBB381C29375C00B4E1C6 /* Shopping */,
				9A7FBB371C29375400B4E1C6 /* Top */,
			);
			name = Contents;
			sourceTree = "<group>";
		};
		9A7FBB371C29375400B4E1C6 /* Top */ = {
			isa = PBXGroup;
			children = (
				9A7FBB441C29394600B4E1C6 /* ContentsTopViewController.h */,
				9A7FBB451C29394600B4E1C6 /* ContentsTopViewController.m */,
			);
			name = Top;
			sourceTree = "<group>";
		};
		9A7FBB381C29375C00B4E1C6 /* Shopping */ = {
			isa = PBXGroup;
			children = (
				9A7FBB411C29391100B4E1C6 /* ContentsShoppingViewController.h */,
				9A7FBB421C29391100B4E1C6 /* ContentsShoppingViewController.m */,
			);
			name = Shopping;
			sourceTree = "<group>";
		};
		9A7FBB391C29376500B4E1C6 /* Setting */ = {
			isa = PBXGroup;
			children = (
				9A7FBB3E1C2938DB00B4E1C6 /* ContentsSettingViewController.h */,
				9A7FBB3F1C2938DB00B4E1C6 /* ContentsSettingViewController.m */,
				9A7FBB471C293D9F00B4E1C6 /* ContentsSettingTableView.h */,
				9A7FBB481C293D9F00B4E1C6 /* ContentsSettingTableView.m */,
				9A7FBB4A1C2940EA00B4E1C6 /* ContentsSettingTableViewCell.h */,
				9A7FBB4B1C2940EA00B4E1C6 /* ContentsSettingTableViewCell.m */,
			);
			name = Setting;
			sourceTree = "<group>";
		};
		9A7FBB3A1C29377900B4E1C6 /* Gifting */ = {
			isa = PBXGroup;
			children = (
				9A7FBB3B1C2938B400B4E1C6 /* ContentsGiftingViewController.h */,
				9A7FBB3C1C2938B400B4E1C6 /* ContentsGiftingViewController.m */,
			);
			name = Gifting;
			sourceTree = "<group>";
		};
		9A825D5E1C4DC1D2000B94AA /* Status */ = {
			isa = PBXGroup;
			children = (
				9A825D5F1C4DC1FC000B94AA /* GameStatusViewController.h */,
				9A825D601C4DC1FC000B94AA /* GameStatusViewController.m */,
			);
			name = Status;
			sourceTree = "<group>";
		};
		9A962D6F1BF99508009AD1A4 /* UITableView */ = {
			isa = PBXGroup;
			children = (
				9A06C8111BFB381600882EAA /* Custom */,
				9A06C80E1BFB337F00882EAA /* ListUITableViewObjectViewController.h */,
				9A06C80F1BFB337F00882EAA /* ListUITableViewObjectViewController.m */,
			);
			name = UITableView;
			sourceTree = "<group>";
		};
		9A962D721BF9D1ED009AD1A4 /* Setting */ = {
			isa = PBXGroup;
			children = (
				9A904BAB1BFAD19D00258ACB /* SettingContentsViewController.h */,
				9A904BAC1BFAD19D00258ACB /* SettingContentsViewController.m */,
			);
			name = Setting;
			sourceTree = "<group>";
		};
		9A9AE0381C18231800DA7636 /* NSFileManager */ = {
			isa = PBXGroup;
			children = (
				9A9AE0391C18235300DA7636 /* ListNSFileManagerObjectViewController.h */,
				9A9AE03A1C18235400DA7636 /* ListNSFileManagerObjectViewController.m */,
			);
			name = NSFileManager;
			sourceTree = "<group>";
		};
		9AAF821A1C3B621E00D4EB41 /* DevelopmentManagementTable */ = {
			isa = PBXGroup;
			children = (
				9AAF821B1C3B626C00D4EB41 /* DevelopmentManagementTableViewController.h */,
				9AAF821C1C3B626C00D4EB41 /* DevelopmentManagementTableViewController.m */,
			);
			name = DevelopmentManagementTable;
			sourceTree = "<group>";
		};
		9AC9843E1C2D13E0004D28AB /* UITableViewCell */ = {
			isa = PBXGroup;
			children = (
				9AC9843F1C2D140D004D28AB /* CustomButtonCell.h */,
				9AC984401C2D140D004D28AB /* CustomButtonCell.m */,
				9AC984421C2D1717004D28AB /* CommonCell.h */,
				9AC984431C2D1717004D28AB /* CommonCell.m */,
			);
			name = UITableViewCell;
			sourceTree = "<group>";
		};
		9ACFE9B31C3A4E8F00E6A12A /* BlogSearch */ = {
			isa = PBXGroup;
			children = (
				9ACFE9B41C3A4EFD00E6A12A /* UtilsBlogSearch.h */,
				9ACFE9B51C3A4EFD00E6A12A /* UtilsBlogSearch.m */,
			);
			name = BlogSearch;
			sourceTree = "<group>";
		};
		9AD8CE0C1BF34A65003C2566 /* FILE */ = {
			isa = PBXGroup;
			children = (
				9AD8CE0D1BF34AB1003C2566 /* UtilsFILE.h */,
				9AD8CE0E1BF34AB1003C2566 /* UtilsFILE.m */,
			);
			name = FILE;
			sourceTree = "<group>";
		};
		9AFAD5E21BF2E23E00FD0665 /* UIImageView */ = {
			isa = PBXGroup;
			children = (
				9AFAD5E31BF2E2A100FD0665 /* ListUIImageViewObjectViewController.h */,
				9AFAD5E41BF2E2A100FD0665 /* ListUIImageViewObjectViewController.m */,
			);
			name = UIImageView;
			sourceTree = "<group>";
		};
		9AFAD5E91BF3083D00FD0665 /* UIResponder */ = {
			isa = PBXGroup;
			children = (
				9AFAD5EA1BF3087100FD0665 /* ListUIResponderObjectViewController.h */,
				9AFAD5EB1BF3087100FD0665 /* ListUIResponderObjectViewController.m */,
			);
			name = UIResponder;
			sourceTree = "<group>";
		};
		9AFAD5ED1BF3103C00FD0665 /* UILocalNotification */ = {
			isa = PBXGroup;
			children = (
				9AFAD5EE1BF3106D00FD0665 /* ListUILocalNotificationObjectViewController.h */,
				9AFAD5EF1BF3106D00FD0665 /* ListUILocalNotificationObjectViewController.m */,
			);
			name = UILocalNotification;
			sourceTree = "<group>";
		};
		BDE212241AE68D2A002A0746 /* Controllers */ = {
			isa = PBXGroup;
			children = (
				9A72AE981C4F2520007C2687 /* ObjectiveC */,
				9A6066861C436D64007A723A /* Game */,
				9AAF821A1C3B621E00D4EB41 /* DevelopmentManagementTable */,
				9A7FBB321C29335A00B4E1C6 /* Shopping */,
				9A962D721BF9D1ED009AD1A4 /* Setting */,
				9A9AE0381C18231800DA7636 /* NSFileManager */,
				9A7580061C1FCCBF003067AB /* NSString */,
				9A5C9E491C102153002EA33A /* NSURLConnection */,
				9A5C9E451C100E93002EA33A /* UIView */,
				9A5C9E411C0FF9FC002EA33A /* UINavigationController */,
				9A06C80A1BFB30F700882EAA /* UIScrollView */,
				9A962D6F1BF99508009AD1A4 /* UITableView */,
				9A064CAC1BF5E8B400E44803 /* UIWindow */,
				9A064CA81BF5E53900E44803 /* UIViewController */,
				9AFAD5ED1BF3103C00FD0665 /* UILocalNotification */,
				9AFAD5E91BF3083D00FD0665 /* UIResponder */,
				9A7580021C1FB266003067AB /* UIImage */,
				9AFAD5E21BF2E23E00FD0665 /* UIImageView */,
				9A5437691C17E7A900B9F5E6 /* CustomKeyboard */,
				BDE212301AE69182002A0746 /* ViewController.h */,
				BDE212311AE69182002A0746 /* ViewController.m */,
				7F21859E1B05A3A100F1D652 /* ActivityViewControllerListViewController.h */,
				7F21859F1B05A3A100F1D652 /* ActivityViewControllerListViewController.m */,
				BDE2122D1AE68E8C002A0746 /* Common */,
				BDE2123F1AE91B8F002A0746 /* ListAlertViewController.h */,
				BDE212401AE91B8F002A0746 /* ListAlertViewController.m */,
				570B69481AE9D4A800A42DEC /* ListLabelViewController.h */,
				570B69491AE9D4A800A42DEC /* ListLabelViewController.m */,
				570B694B1AEA0C7200A42DEC /* ListAttributedStringViewController.h */,
				570B694C1AEA0C7200A42DEC /* ListAttributedStringViewController.m */,
				5708100B1AEF3D87009A6570 /* ListAlertControllerViewController.h */,
				5708100C1AEF3D87009A6570 /* ListAlertControllerViewController.m */,
				5704E4C11AF221F10027C067 /* ListExceptionViewController.h */,
				5704E4C21AF221F10027C067 /* ListExceptionViewController.m */,
				9A6A4D821C0D7ACC00C95A08 /* ListXCodeErrorViewController.h */,
				9A6A4D831C0D7ACC00C95A08 /* ListXCodeErrorViewController.m */,
				570896C21AFB644000300587 /* ListTabBarViewController.h */,
				570896C31AFB644000300587 /* ListTabBarViewController.m */,
				7F2185A41B05E32E00F1D652 /* TableViewListViewController.h */,
				7F2185A51B05E32E00F1D652 /* TableViewListViewController.m */,
				7F2185A71B05EC7000F1D652 /* PickerViewListViewController.h */,
				7F2185A81B05EC7100F1D652 /* PickerViewListViewController.m */,
				7F2BF3A91B0B276800CA83C4 /* SliderListViewController.h */,
				7F2BF3AA1B0B276800CA83C4 /* SliderListViewController.m */,
				7F2BF3AC1B0B2A4200CA83C4 /* ProgressViewListViewController.h */,
				7F2BF3AD1B0B2A4200CA83C4 /* ProgressViewListViewController.m */,
				7F2BF3AF1B0B2A5800CA83C4 /* PageControlListViewController.h */,
				7F2BF3B01B0B2A5800CA83C4 /* PageControlListViewController.m */,
				7F2BF3B21B0B2B1100CA83C4 /* StepperListViewController.h */,
				7F2BF3B31B0B2B1100CA83C4 /* StepperListViewController.m */,
				7F21D0BB1B0C29D200311AC2 /* TableViewControllerListViewController.h */,
				7F21D0BC1B0C29D200311AC2 /* TableViewControllerListViewController.m */,
				7F21D0C11B0C571400311AC2 /* NumberFormatterListViewController.h */,
				7F21D0C21B0C571400311AC2 /* NumberFormatterListViewController.m */,
				7F462AED1BA953F300896434 /* ListAppliedConstrueViewController.h */,
				7F462AEE1BA953F300896434 /* ListAppliedConstrueViewController.m */,
				9AFAD5DF1BF2DFF800FD0665 /* ListImageViewController.h */,
				9AFAD5E01BF2DFF800FD0665 /* ListImageViewController.m */,
				9A7693791C211A2E00F3FFB0 /* AdScreenViewController.h */,
				9A76937A1C211A2E00F3FFB0 /* AdScreenViewController.m */,
				9A76937F1C21427100F3FFB0 /* ToastViewController.h */,
				9A7693801C21427100F3FFB0 /* ToastViewController.m */,
			);
			name = Controllers;
			sourceTree = "<group>";
		};
		BDE212251AE68D36002A0746 /* Models */ = {
			isa = PBXGroup;
			children = (
				BDE2122C1AE68E85002A0746 /* Common */,
				7F2185A11B05D7C500F1D652 /* Store.h */,
				7F2185A21B05D7C500F1D652 /* Store.m */,
			);
			name = Models;
			sourceTree = "<group>";
		};
		BDE212261AE68D46002A0746 /* Utils */ = {
			isa = PBXGroup;
			children = (
				9ACFE9B01C3A402100E6A12A /* UtilsMath.h */,
				9ACFE9B11C3A402100E6A12A /* UtilsMath.m */,
				9ACFE9B31C3A4E8F00E6A12A /* BlogSearch */,
				9AD8CE0C1BF34A65003C2566 /* FILE */,
				BDE2122B1AE68E06002A0746 /* Common */,
			);
			name = Utils;
			sourceTree = "<group>";
		};
		BDE212271AE68D4F002A0746 /* Resources */ = {
			isa = PBXGroup;
			children = (
				7F2BF39E1B0ACD0A00CA83C4 /* Views */,
			);
			name = Resources;
			sourceTree = "<group>";
		};
		BDE212281AE68D5C002A0746 /* StoryBoards */ = {
			isa = PBXGroup;
			children = (
				BDE212361AE6B48B002A0746 /* Common */,
				BDE2122E1AE69102002A0746 /* Main.storyboard */,
				7F24F6411B09D8F40024D249 /* Alert.storyboard */,
				7F2BF3A51B0AD34B00CA83C4 /* SampleAlert.storyboard */,
				7F2BF3A71B0B10AB00CA83C4 /* Alert2.storyboard */,
				7F2ED0601B0D8BF300F795A4 /* AreaSelection.storyboard */,
				9A7693771C21197400F3FFB0 /* AdScreen.storyboard */,
				9A7FBB301C292F7300B4E1C6 /* CustomShopping.storyboard */,
			);
			name = StoryBoards;
			sourceTree = "<group>";
		};
		BDE212291AE68D68002A0746 /* Views */ = {
			isa = PBXGroup;
			children = (
				BD0DA5B11AF7134400BDA278 /* UIAlertView+Custom.h */,
				BD0DA5B21AF7134400BDA278 /* UIAlertView+Custom.m */,
				BDE2122A1AE68DF9002A0746 /* Common */,
				BD0DA5B71AF7153900BDA278 /* UIView+Custom.h */,
				BD0DA5B81AF7153900BDA278 /* UIView+Custom.m */,
				7F2185AA1B05ED8400F1D652 /* PickerViewController.h */,
				7F2185AB1B05ED8400F1D652 /* PickerViewController.m */,
				7F24F63E1B09D8D20024D249 /* AlertViewController.h */,
				7F24F63F1B09D8D20024D249 /* AlertViewController.m */,
				7F2BF3A21B0AD10F00CA83C4 /* SampleAlertViewController.h */,
				7F2BF3A31B0AD10F00CA83C4 /* SampleAlertViewController.m */,
			);
			name = Views;
			sourceTree = "<group>";
		};
		BDE2122A1AE68DF9002A0746 /* Common */ = {
			isa = PBXGroup;
			children = (
				9AC9843E1C2D13E0004D28AB /* UITableViewCell */,
				BDE212331AE6B477002A0746 /* CustomAlertController.h */,
				BDE212341AE6B477002A0746 /* CustomAlertController.m */,
				570B69451AE9D42200A42DEC /* CustomLabel.h */,
				570B69461AE9D42200A42DEC /* CustomLabel.m */,
				9A5437661C17E4D100B9F5E6 /* CustomNumberKeyboard.h */,
				9A5437671C17E4D100B9F5E6 /* CustomNumberKeyboard.m */,
			);
			name = Common;
			sourceTree = "<group>";
		};
		BDE2122B1AE68E06002A0746 /* Common */ = {
			isa = PBXGroup;
			children = (
				9A76937C1C213C3700F3FFB0 /* UtilsViewController.h */,
				9A76937D1C213C3800F3FFB0 /* UtilsViewController.m */,
			);
			name = Common;
			sourceTree = "<group>";
		};
		BDE2122C1AE68E85002A0746 /* Common */ = {
			isa = PBXGroup;
			children = (
				9A904BA81BFACFDD00258ACB /* KeyNames.h */,
				9A904BA91BFACFDD00258ACB /* KeyNames.m */,
			);
			name = Common;
			sourceTree = "<group>";
		};
		BDE2122D1AE68E8C002A0746 /* Common */ = {
			isa = PBXGroup;
			children = (
				7F21D0BE1B0C552000311AC2 /* ListViewController.h */,
				7F21D0BF1B0C552000311AC2 /* ListViewController.m */,
				BDE212391AE7D14A002A0746 /* 3DViewController.h */,
				BDE2123A1AE7D14A002A0746 /* 3DViewController.m */,
				9AFAD5E61BF2E36400FD0665 /* BaceListViewController.h */,
				9AFAD5E71BF2E36400FD0665 /* BaceListViewController.m */,
			);
			name = Common;
			sourceTree = "<group>";
		};
		BDE212361AE6B48B002A0746 /* Common */ = {
			isa = PBXGroup;
			children = (
				BDE212371AE6B635002A0746 /* CustomAlert.storyboard */,
				9A5437641C17E2CB00B9F5E6 /* CustomNumberKeyboard.xib */,
				9A4FC02B1C22673700BAD54A /* CustomSecurityNumberKeyboard.storyboard */,
			);
			name = Common;
			sourceTree = "<group>";
		};
		BDEEC2191AD7EE9F00B522D9 = {
			isa = PBXGroup;
			children = (
				BDEEC2241AD7EE9F00B522D9 /* SandBox */,
				BDEEC23E1AD7EE9F00B522D9 /* SandBoxTests */,
				BDEEC2231AD7EE9F00B522D9 /* Products */,
			);
			sourceTree = "<group>";
		};
		BDEEC2231AD7EE9F00B522D9 /* Products */ = {
			isa = PBXGroup;
			children = (
				BDEEC2221AD7EE9F00B522D9 /* SandBox.app */,
				BDEEC23B1AD7EE9F00B522D9 /* SandBoxTests.xctest */,
			);
			name = Products;
			sourceTree = "<group>";
		};
		BDEEC2241AD7EE9F00B522D9 /* SandBox */ = {
			isa = PBXGroup;
			children = (
				BDE212291AE68D68002A0746 /* Views */,
				BDE212281AE68D5C002A0746 /* StoryBoards */,
				BDE212271AE68D4F002A0746 /* Resources */,
				BDE212261AE68D46002A0746 /* Utils */,
				BDE212251AE68D36002A0746 /* Models */,
				BDE212241AE68D2A002A0746 /* Controllers */,
				BDEEC2291AD7EE9F00B522D9 /* AppDelegate.h */,
				BDEEC22A1AD7EE9F00B522D9 /* AppDelegate.m */,
				BDEEC2321AD7EE9F00B522D9 /* Images.xcassets */,
				BDEEC2341AD7EE9F00B522D9 /* LaunchScreen.xib */,
				BDEEC2251AD7EE9F00B522D9 /* Supporting Files */,
			);
			path = SandBox;
			sourceTree = "<group>";
		};
		BDEEC2251AD7EE9F00B522D9 /* Supporting Files */ = {
			isa = PBXGroup;
			children = (
				BDEEC2261AD7EE9F00B522D9 /* Info.plist */,
				BDEEC2271AD7EE9F00B522D9 /* main.m */,
				9A962D701BF9CF71009AD1A4 /* Settings.plist */,
			);
			name = "Supporting Files";
			sourceTree = "<group>";
		};
		BDEEC23E1AD7EE9F00B522D9 /* SandBoxTests */ = {
			isa = PBXGroup;
			children = (
				BDEEC2411AD7EEA000B522D9 /* SandBoxTests.m */,
				BDEEC23F1AD7EEA000B522D9 /* Supporting Files */,
			);
			path = SandBoxTests;
			sourceTree = "<group>";
		};
		BDEEC23F1AD7EEA000B522D9 /* Supporting Files */ = {
			isa = PBXGroup;
			children = (
				BDEEC2401AD7EEA000B522D9 /* Info.plist */,
			);
			name = "Supporting Files";
			sourceTree = "<group>";
		};
/* End PBXGroup section */

/* Begin PBXNativeTarget section */
		BDEEC2211AD7EE9F00B522D9 /* SandBox */ = {
			isa = PBXNativeTarget;
			buildConfigurationList = BDEEC2451AD7EEA000B522D9 /* Build configuration list for PBXNativeTarget "SandBox" */;
			buildPhases = (
				BDEEC21E1AD7EE9F00B522D9 /* Sources */,
				BDEEC21F1AD7EE9F00B522D9 /* Frameworks */,
				BDEEC2201AD7EE9F00B522D9 /* Resources */,
			);
			buildRules = (
			);
			dependencies = (
			);
			name = SandBox;
			productName = SandBox;
			productReference = BDEEC2221AD7EE9F00B522D9 /* SandBox.app */;
			productType = "com.apple.product-type.application";
		};
		BDEEC23A1AD7EE9F00B522D9 /* SandBoxTests */ = {
			isa = PBXNativeTarget;
			buildConfigurationList = BDEEC2481AD7EEA000B522D9 /* Build configuration list for PBXNativeTarget "SandBoxTests" */;
			buildPhases = (
				BDEEC2371AD7EE9F00B522D9 /* Sources */,
				BDEEC2381AD7EE9F00B522D9 /* Frameworks */,
				BDEEC2391AD7EE9F00B522D9 /* Resources */,
			);
			buildRules = (
			);
			dependencies = (
				BDEEC23D1AD7EE9F00B522D9 /* PBXTargetDependency */,
			);
			name = SandBoxTests;
			productName = SandBoxTests;
			productReference = BDEEC23B1AD7EE9F00B522D9 /* SandBoxTests.xctest */;
			productType = "com.apple.product-type.bundle.unit-test";
		};
/* End PBXNativeTarget section */

/* Begin PBXProject section */
		BDEEC21A1AD7EE9F00B522D9 /* Project object */ = {
			isa = PBXProject;
			attributes = {
				LastUpgradeCheck = 0710;
				ORGANIZATIONNAME = "大島 曜";
				TargetAttributes = {
					BDEEC2211AD7EE9F00B522D9 = {
						CreatedOnToolsVersion = 6.1.1;
						DevelopmentTeam = EXZY2926Q2;
					};
					BDEEC23A1AD7EE9F00B522D9 = {
						CreatedOnToolsVersion = 6.1.1;
						TestTargetID = BDEEC2211AD7EE9F00B522D9;
					};
				};
			};
			buildConfigurationList = BDEEC21D1AD7EE9F00B522D9 /* Build configuration list for PBXProject "SandBox" */;
			compatibilityVersion = "Xcode 3.2";
			developmentRegion = English;
			hasScannedForEncodings = 0;
			knownRegions = (
				en,
				Base,
			);
			mainGroup = BDEEC2191AD7EE9F00B522D9;
			productRefGroup = BDEEC2231AD7EE9F00B522D9 /* Products */;
			projectDirPath = "";
			projectRoot = "";
			targets = (
				BDEEC2211AD7EE9F00B522D9 /* SandBox */,
				BDEEC23A1AD7EE9F00B522D9 /* SandBoxTests */,
			);
		};
/* End PBXProject section */

/* Begin PBXResourcesBuildPhase section */
		BDEEC2201AD7EE9F00B522D9 /* Resources */ = {
			isa = PBXResourcesBuildPhase;
			buildActionMask = 2147483647;
			files = (
				BDE212381AE6B636002A0746 /* CustomAlert.storyboard in Resources */,
				7F2BF3A81B0B10AB00CA83C4 /* Alert2.storyboard in Resources */,
				BDE2122F1AE69102002A0746 /* Main.storyboard in Resources */,
				9A5437651C17E2CB00B9F5E6 /* CustomNumberKeyboard.xib in Resources */,
				9A7FBB311C292F7300B4E1C6 /* CustomShopping.storyboard in Resources */,
				7F2BF3A11B0ACD7F00CA83C4 /* SampleAlertView.xib in Resources */,
				9A4FC02C1C22673700BAD54A /* CustomSecurityNumberKeyboard.storyboard in Resources */,
				BDEEC2361AD7EE9F00B522D9 /* LaunchScreen.xib in Resources */,
				BDEEC2331AD7EE9F00B522D9 /* Images.xcassets in Resources */,
				7F24F6421B09D8F40024D249 /* Alert.storyboard in Resources */,
				7F2ED0611B0D8BF300F795A4 /* AreaSelection.storyboard in Resources */,
				7F2BF3A61B0AD34B00CA83C4 /* SampleAlert.storyboard in Resources */,
				9A962D711BF9CF71009AD1A4 /* Settings.plist in Resources */,
				9A7693781C21197400F3FFB0 /* AdScreen.storyboard in Resources */,
			);
			runOnlyForDeploymentPostprocessing = 0;
		};
		BDEEC2391AD7EE9F00B522D9 /* Resources */ = {
			isa = PBXResourcesBuildPhase;
			buildActionMask = 2147483647;
			files = (
			);
			runOnlyForDeploymentPostprocessing = 0;
		};
/* End PBXResourcesBuildPhase section */

/* Begin PBXSourcesBuildPhase section */
		BDEEC21E1AD7EE9F00B522D9 /* Sources */ = {
			isa = PBXSourcesBuildPhase;
			buildActionMask = 2147483647;
			files = (
				9A5C9E481C100EC4002EA33A /* ListUIViewObjectViewController.m in Sources */,
				9A7693811C21427100F3FFB0 /* ToastViewController.m in Sources */,
				5704E4C31AF221F10027C067 /* ListExceptionViewController.m in Sources */,
				9A4FC02F1C2272C100BAD54A /* CustomSecurityNumberKeyboardViewController.m in Sources */,
				9AC984441C2D1717004D28AB /* CommonCell.m in Sources */,
				9A904BAD1BFAD19D00258ACB /* SettingContentsViewController.m in Sources */,
				9A76937B1C211A2E00F3FFB0 /* AdScreenViewController.m in Sources */,
				9AFAD5EC1BF3087100FD0665 /* ListUIResponderObjectViewController.m in Sources */,
				9A064CAB1BF5E61000E44803 /* ListUIViewControllerObjectViewController.m in Sources */,
				9A60668A1C436E40007A723A /* WordWorfGameViewController.m in Sources */,
				9AFAD5E11BF2DFF800FD0665 /* ListImageViewController.m in Sources */,
				BDE212321AE69182002A0746 /* ViewController.m in Sources */,
				9AD8CE0F1BF34AB1003C2566 /* UtilsFILE.m in Sources */,
				BDE212351AE6B477002A0746 /* CustomAlertController.m in Sources */,
				7F2BF3AB1B0B276800CA83C4 /* SliderListViewController.m in Sources */,
				9A5437681C17E4D100B9F5E6 /* CustomNumberKeyboard.m in Sources */,
				7F2185A01B05A3A100F1D652 /* ActivityViewControllerListViewController.m in Sources */,
				9A7FBB3D1C2938B400B4E1C6 /* ContentsGiftingViewController.m in Sources */,
				9A7FBB491C293D9F00B4E1C6 /* ContentsSettingTableView.m in Sources */,
				BD0DA5B91AF7153900BDA278 /* UIView+Custom.m in Sources */,
				7F2185A61B05E32E00F1D652 /* TableViewListViewController.m in Sources */,
				BD0DA5B31AF7134400BDA278 /* UIAlertView+Custom.m in Sources */,
				9ACFE9B61C3A4EFD00E6A12A /* UtilsBlogSearch.m in Sources */,
				9AFAD5E81BF2E36400FD0665 /* BaceListViewController.m in Sources */,
				9A54376C1C17E7E500B9F5E6 /* ListCustomKeyboardsViewController.m in Sources */,
				BDE62D1A1C65DFEC0085810D /* ListMapKitViewController.m in Sources */,
				9A7FBB461C29394600B4E1C6 /* ContentsTopViewController.m in Sources */,
				9AC984411C2D140D004D28AB /* CustomButtonCell.m in Sources */,
				7F2BF3B11B0B2A5800CA83C4 /* PageControlListViewController.m in Sources */,
				5708100D1AEF3D87009A6570 /* ListAlertControllerViewController.m in Sources */,
				7F21D0C31B0C571400311AC2 /* NumberFormatterListViewController.m in Sources */,
				9A7580051C1FB2BC003067AB /* ListUIImageObjectViewController.m in Sources */,
				9A904BAA1BFACFDD00258ACB /* KeyNames.m in Sources */,
				9AFAD5F01BF3106D00FD0665 /* ListUILocalNotificationObjectViewController.m in Sources */,
				9A6F68191BFC1E4D0090E2D4 /* ColorCheckMarkTableViewController.m in Sources */,
				7F2BF3A41B0AD10F00CA83C4 /* SampleAlertViewController.m in Sources */,
				9AAF821D1C3B626C00D4EB41 /* DevelopmentManagementTableViewController.m in Sources */,
				9A76937E1C213C3800F3FFB0 /* UtilsViewController.m in Sources */,
				9AFAD5E51BF2E2A100FD0665 /* ListUIImageViewObjectViewController.m in Sources */,
				BDEEC22B1AD7EE9F00B522D9 /* AppDelegate.m in Sources */,
				9A6A4D841C0D7ACC00C95A08 /* ListXCodeErrorViewController.m in Sources */,
				9A5C9E441C0FFA43002EA33A /* ListUINavigationControllerObjectViewController.m in Sources */,
				9A06C80D1BFB317600882EAA /* ListUIScrollViewObjectViewController.m in Sources */,
				9ACFE9B21C3A402100E6A12A /* UtilsMath.m in Sources */,
				9A7FBB4C1C2940EA00B4E1C6 /* ContentsSettingTableViewCell.m in Sources */,
				9A06C8171BFB3BE800882EAA /* CheckMarkTableViewController.m in Sources */,
				9A06C8141BFB385C00882EAA /* NoScrollTableViewController.m in Sources */,
				9A5C9E4C1C10217B002EA33A /* ListNSURLConnectionObjectViewController.m in Sources */,
				9A064CAF1BF5E91400E44803 /* ListUIWindowObjectViewController.m in Sources */,
				9A7FBB351C2933C500B4E1C6 /* CustomShoppingViewController.m in Sources */,
				570B69471AE9D42200A42DEC /* CustomLabel.m in Sources */,
				9A7580091C1FCCF1003067AB /* ListNSStringObjectViewController.m in Sources */,
				7F2185AC1B05ED8400F1D652 /* PickerViewController.m in Sources */,
				9A7FBB401C2938DB00B4E1C6 /* ContentsSettingViewController.m in Sources */,
				7F2BF3B41B0B2B1100CA83C4 /* StepperListViewController.m in Sources */,
				BDE2123B1AE7D14A002A0746 /* 3DViewController.m in Sources */,
				9A9AE03B1C18235400DA7636 /* ListNSFileManagerObjectViewController.m in Sources */,
				BDEEC2281AD7EE9F00B522D9 /* main.m in Sources */,
				7F21D0C01B0C552000311AC2 /* ListViewController.m in Sources */,
				7F21D0BD1B0C29D200311AC2 /* TableViewControllerListViewController.m in Sources */,
				7F24F6401B09D8D20024D249 /* AlertViewController.m in Sources */,
				9A06C8101BFB337F00882EAA /* ListUITableViewObjectViewController.m in Sources */,
				570896C41AFB644000300587 /* ListTabBarViewController.m in Sources */,
				7F2185A31B05D7C500F1D652 /* Store.m in Sources */,
				7F2185A91B05EC7100F1D652 /* PickerViewListViewController.m in Sources */,
				BDE212411AE91B8F002A0746 /* ListAlertViewController.m in Sources */,
				570B694D1AEA0C7200A42DEC /* ListAttributedStringViewController.m in Sources */,
				9A7FBB431C29391100B4E1C6 /* ContentsShoppingViewController.m in Sources */,
				7F2BF3AE1B0B2A4200CA83C4 /* ProgressViewListViewController.m in Sources */,
				570B694A1AE9D4A800A42DEC /* ListLabelViewController.m in Sources */,
				9A825D611C4DC1FC000B94AA /* GameStatusViewController.m in Sources */,
				7F462AEF1BA953F300896434 /* ListAppliedConstrueViewController.m in Sources */,
			);
			runOnlyForDeploymentPostprocessing = 0;
		};
		BDEEC2371AD7EE9F00B522D9 /* Sources */ = {
			isa = PBXSourcesBuildPhase;
			buildActionMask = 2147483647;
			files = (
				BDEEC2421AD7EEA000B522D9 /* SandBoxTests.m in Sources */,
				7F462AF01BA953F300896434 /* ListAppliedConstrueViewController.m in Sources */,
			);
			runOnlyForDeploymentPostprocessing = 0;
		};
/* End PBXSourcesBuildPhase section */

/* Begin PBXTargetDependency section */
		BDEEC23D1AD7EE9F00B522D9 /* PBXTargetDependency */ = {
			isa = PBXTargetDependency;
			target = BDEEC2211AD7EE9F00B522D9 /* SandBox */;
			targetProxy = BDEEC23C1AD7EE9F00B522D9 /* PBXContainerItemProxy */;
		};
/* End PBXTargetDependency section */

/* Begin PBXVariantGroup section */
		BDEEC2341AD7EE9F00B522D9 /* LaunchScreen.xib */ = {
			isa = PBXVariantGroup;
			children = (
				BDEEC2351AD7EE9F00B522D9 /* Base */,
			);
			name = LaunchScreen.xib;
			sourceTree = "<group>";
		};
/* End PBXVariantGroup section */

/* Begin XCBuildConfiguration section */
		BDEEC2431AD7EEA000B522D9 /* Debug */ = {
			isa = XCBuildConfiguration;
			buildSettings = {
				ALWAYS_SEARCH_USER_PATHS = NO;
				CLANG_CXX_LANGUAGE_STANDARD = "gnu++0x";
				CLANG_CXX_LIBRARY = "libc++";
				CLANG_ENABLE_MODULES = YES;
				CLANG_ENABLE_OBJC_ARC = YES;
				CLANG_WARN_BOOL_CONVERSION = YES;
				CLANG_WARN_CONSTANT_CONVERSION = YES;
				CLANG_WARN_DIRECT_OBJC_ISA_USAGE = YES_ERROR;
				CLANG_WARN_EMPTY_BODY = YES;
				CLANG_WARN_ENUM_CONVERSION = YES;
				CLANG_WARN_INT_CONVERSION = YES;
				CLANG_WARN_OBJC_ROOT_CLASS = YES_ERROR;
				CLANG_WARN_UNREACHABLE_CODE = YES;
				CLANG_WARN__DUPLICATE_METHOD_MATCH = YES;
				"CODE_SIGN_IDENTITY[sdk=iphoneos*]" = "iPhone Developer";
				COPY_PHASE_STRIP = NO;
				ENABLE_STRICT_OBJC_MSGSEND = YES;
				ENABLE_TESTABILITY = YES;
				GCC_C_LANGUAGE_STANDARD = gnu99;
				GCC_DYNAMIC_NO_PIC = NO;
				GCC_OPTIMIZATION_LEVEL = 0;
				GCC_PREPROCESSOR_DEFINITIONS = (
					"DEBUG=1",
					"$(inherited)",
				);
				GCC_SYMBOLS_PRIVATE_EXTERN = NO;
				GCC_WARN_64_TO_32_BIT_CONVERSION = YES;
				GCC_WARN_ABOUT_RETURN_TYPE = YES_ERROR;
				GCC_WARN_UNDECLARED_SELECTOR = YES;
				GCC_WARN_UNINITIALIZED_AUTOS = YES_AGGRESSIVE;
				GCC_WARN_UNUSED_FUNCTION = YES;
				GCC_WARN_UNUSED_VARIABLE = YES;
				IPHONEOS_DEPLOYMENT_TARGET = 8.0;
				MTL_ENABLE_DEBUG_INFO = YES;
				ONLY_ACTIVE_ARCH = YES;
				SDKROOT = iphoneos;
				TARGETED_DEVICE_FAMILY = "1,2";
			};
			name = Debug;
		};
		BDEEC2441AD7EEA000B522D9 /* Release */ = {
			isa = XCBuildConfiguration;
			buildSettings = {
				ALWAYS_SEARCH_USER_PATHS = NO;
				CLANG_CXX_LANGUAGE_STANDARD = "gnu++0x";
				CLANG_CXX_LIBRARY = "libc++";
				CLANG_ENABLE_MODULES = YES;
				CLANG_ENABLE_OBJC_ARC = YES;
				CLANG_WARN_BOOL_CONVERSION = YES;
				CLANG_WARN_CONSTANT_CONVERSION = YES;
				CLANG_WARN_DIRECT_OBJC_ISA_USAGE = YES_ERROR;
				CLANG_WARN_EMPTY_BODY = YES;
				CLANG_WARN_ENUM_CONVERSION = YES;
				CLANG_WARN_INT_CONVERSION = YES;
				CLANG_WARN_OBJC_ROOT_CLASS = YES_ERROR;
				CLANG_WARN_UNREACHABLE_CODE = YES;
				CLANG_WARN__DUPLICATE_METHOD_MATCH = YES;
				"CODE_SIGN_IDENTITY[sdk=iphoneos*]" = "iPhone Developer";
				COPY_PHASE_STRIP = YES;
				ENABLE_NS_ASSERTIONS = NO;
				ENABLE_STRICT_OBJC_MSGSEND = YES;
				GCC_C_LANGUAGE_STANDARD = gnu99;
				GCC_WARN_64_TO_32_BIT_CONVERSION = YES;
				GCC_WARN_ABOUT_RETURN_TYPE = YES_ERROR;
				GCC_WARN_UNDECLARED_SELECTOR = YES;
				GCC_WARN_UNINITIALIZED_AUTOS = YES_AGGRESSIVE;
				GCC_WARN_UNUSED_FUNCTION = YES;
				GCC_WARN_UNUSED_VARIABLE = YES;
				IPHONEOS_DEPLOYMENT_TARGET = 8.0;
				MTL_ENABLE_DEBUG_INFO = NO;
				SDKROOT = iphoneos;
				TARGETED_DEVICE_FAMILY = "1,2";
				VALIDATE_PRODUCT = YES;
			};
			name = Release;
		};
		BDEEC2461AD7EEA000B522D9 /* Debug */ = {
			isa = XCBuildConfiguration;
			buildSettings = {
				ASSETCATALOG_COMPILER_APPICON_NAME = AppIcon;
				CODE_SIGN_IDENTITY = "iPhone Developer";
				"CODE_SIGN_IDENTITY[sdk=iphoneos*]" = "iPhone Developer";
				INFOPLIST_FILE = SandBox/Info.plist;
				IPHONEOS_DEPLOYMENT_TARGET = 6.0;
				LD_RUNPATH_SEARCH_PATHS = "$(inherited) @executable_path/Frameworks";
				PRODUCT_BUNDLE_IDENTIFIER = "you.ohshima.apps.$(PRODUCT_NAME:rfc1034identifier)";
				PRODUCT_NAME = "$(TARGET_NAME)";
				PROVISIONING_PROFILE = "";
			};
			name = Debug;
		};
		BDEEC2471AD7EEA000B522D9 /* Release */ = {
			isa = XCBuildConfiguration;
			buildSettings = {
				ASSETCATALOG_COMPILER_APPICON_NAME = AppIcon;
				CODE_SIGN_IDENTITY = "iPhone Developer";
				"CODE_SIGN_IDENTITY[sdk=iphoneos*]" = "iPhone Developer";
				INFOPLIST_FILE = SandBox/Info.plist;
				IPHONEOS_DEPLOYMENT_TARGET = 6.0;
				LD_RUNPATH_SEARCH_PATHS = "$(inherited) @executable_path/Frameworks";
				PRODUCT_BUNDLE_IDENTIFIER = "you.ohshima.apps.$(PRODUCT_NAME:rfc1034identifier)";
				PRODUCT_NAME = "$(TARGET_NAME)";
				PROVISIONING_PROFILE = "";
			};
			name = Release;
		};
		BDEEC2491AD7EEA000B522D9 /* Debug */ = {
			isa = XCBuildConfiguration;
			buildSettings = {
				BUNDLE_LOADER = "$(TEST_HOST)";
				FRAMEWORK_SEARCH_PATHS = (
					"$(SDKROOT)/Developer/Library/Frameworks",
					"$(inherited)",
				);
				GCC_PREPROCESSOR_DEFINITIONS = (
					"DEBUG=1",
					"$(inherited)",
				);
				INFOPLIST_FILE = SandBoxTests/Info.plist;
				LD_RUNPATH_SEARCH_PATHS = "$(inherited) @executable_path/Frameworks @loader_path/Frameworks";
				PRODUCT_BUNDLE_IDENTIFIER = "you.ohshima.apps.$(PRODUCT_NAME:rfc1034identifier)";
				PRODUCT_NAME = "$(TARGET_NAME)";
				TEST_HOST = "$(BUILT_PRODUCTS_DIR)/SandBox.app/SandBox";
			};
			name = Debug;
		};
		BDEEC24A1AD7EEA000B522D9 /* Release */ = {
			isa = XCBuildConfiguration;
			buildSettings = {
				BUNDLE_LOADER = "$(TEST_HOST)";
				FRAMEWORK_SEARCH_PATHS = (
					"$(SDKROOT)/Developer/Library/Frameworks",
					"$(inherited)",
				);
				INFOPLIST_FILE = SandBoxTests/Info.plist;
				LD_RUNPATH_SEARCH_PATHS = "$(inherited) @executable_path/Frameworks @loader_path/Frameworks";
				PRODUCT_BUNDLE_IDENTIFIER = "you.ohshima.apps.$(PRODUCT_NAME:rfc1034identifier)";
				PRODUCT_NAME = "$(TARGET_NAME)";
				TEST_HOST = "$(BUILT_PRODUCTS_DIR)/SandBox.app/SandBox";
			};
			name = Release;
		};
/* End XCBuildConfiguration section */

/* Begin XCConfigurationList section */
		BDEEC21D1AD7EE9F00B522D9 /* Build configuration list for PBXProject "SandBox" */ = {
			isa = XCConfigurationList;
			buildConfigurations = (
				BDEEC2431AD7EEA000B522D9 /* Debug */,
				BDEEC2441AD7EEA000B522D9 /* Release */,
			);
			defaultConfigurationIsVisible = 0;
			defaultConfigurationName = Release;
		};
		BDEEC2451AD7EEA000B522D9 /* Build configuration list for PBXNativeTarget "SandBox" */ = {
			isa = XCConfigurationList;
			buildConfigurations = (
				BDEEC2461AD7EEA000B522D9 /* Debug */,
				BDEEC2471AD7EEA000B522D9 /* Release */,
			);
			defaultConfigurationIsVisible = 0;
			defaultConfigurationName = Release;
		};
		BDEEC2481AD7EEA000B522D9 /* Build configuration list for PBXNativeTarget "SandBoxTests" */ = {
			isa = XCConfigurationList;
			buildConfigurations = (
				BDEEC2491AD7EEA000B522D9 /* Debug */,
				BDEEC24A1AD7EEA000B522D9 /* Release */,
			);
			defaultConfigurationIsVisible = 0;
			defaultConfigurationName = Release;
		};
/* End XCConfigurationList section */
	};
	rootObject = BDEEC21A1AD7EE9F00B522D9 /* Project object */;
}
